// !$*UTF8*$!
{
	archiveVersion = 1;
	classes = {
	};
	objectVersion = 46;
	objects = {

/* Begin PBXBuildFile section */
		072C387814B2366000A3EB61 /* BuildSettings-Debug-iOS.xcconfig in Resources */ = {isa = PBXBuildFile; fileRef = 072C382414B2366000A3EB61 /* BuildSettings-Debug-iOS.xcconfig */; };
		072C387914B2366000A3EB61 /* BuildSettings-Debug-iOS.xcconfig in Resources */ = {isa = PBXBuildFile; fileRef = 072C382414B2366000A3EB61 /* BuildSettings-Debug-iOS.xcconfig */; };
		072C387A14B2366000A3EB61 /* BuildSettings-Debug-Mac.xcconfig in Resources */ = {isa = PBXBuildFile; fileRef = 072C382514B2366000A3EB61 /* BuildSettings-Debug-Mac.xcconfig */; };
		072C387B14B2366000A3EB61 /* BuildSettings-Debug-Mac.xcconfig in Resources */ = {isa = PBXBuildFile; fileRef = 072C382514B2366000A3EB61 /* BuildSettings-Debug-Mac.xcconfig */; };
		072C387C14B2366000A3EB61 /* BuildSettings-iOS.xcconfig in Resources */ = {isa = PBXBuildFile; fileRef = 072C382614B2366000A3EB61 /* BuildSettings-iOS.xcconfig */; };
		072C387D14B2366000A3EB61 /* BuildSettings-iOS.xcconfig in Resources */ = {isa = PBXBuildFile; fileRef = 072C382614B2366000A3EB61 /* BuildSettings-iOS.xcconfig */; };
		072C387E14B2366000A3EB61 /* BuildSettings-Mac.xcconfig in Resources */ = {isa = PBXBuildFile; fileRef = 072C382714B2366000A3EB61 /* BuildSettings-Mac.xcconfig */; };
		072C387F14B2366000A3EB61 /* BuildSettings-Mac.xcconfig in Resources */ = {isa = PBXBuildFile; fileRef = 072C382714B2366000A3EB61 /* BuildSettings-Mac.xcconfig */; };
		072C388014B2366000A3EB61 /* BuildSettings-Release-iOS.xcconfig in Resources */ = {isa = PBXBuildFile; fileRef = 072C382814B2366000A3EB61 /* BuildSettings-Release-iOS.xcconfig */; };
		072C388114B2366000A3EB61 /* BuildSettings-Release-iOS.xcconfig in Resources */ = {isa = PBXBuildFile; fileRef = 072C382814B2366000A3EB61 /* BuildSettings-Release-iOS.xcconfig */; };
		072C388214B2366000A3EB61 /* BuildSettings-Release-Mac.xcconfig in Resources */ = {isa = PBXBuildFile; fileRef = 072C382914B2366000A3EB61 /* BuildSettings-Release-Mac.xcconfig */; };
		072C388314B2366000A3EB61 /* BuildSettings-Release-Mac.xcconfig in Resources */ = {isa = PBXBuildFile; fileRef = 072C382914B2366000A3EB61 /* BuildSettings-Release-Mac.xcconfig */; };
		072C388414B2366000A3EB61 /* KWMusicManager.m in Sources */ = {isa = PBXBuildFile; fileRef = 072C382D14B2366000A3EB61 /* KWMusicManager.m */; };
		072C388514B2366000A3EB61 /* KWMusicManager.m in Sources */ = {isa = PBXBuildFile; fileRef = 072C382D14B2366000A3EB61 /* KWMusicManager.m */; };
		072C388614B2366000A3EB61 /* KWLogoLayer.m in Sources */ = {isa = PBXBuildFile; fileRef = 072C383014B2366000A3EB61 /* KWLogoLayer.m */; };
		072C388714B2366000A3EB61 /* KWLogoLayer.m in Sources */ = {isa = PBXBuildFile; fileRef = 072C383014B2366000A3EB61 /* KWLogoLayer.m */; };
		072C388814B2366000A3EB61 /* KWTimerLabel.m in Sources */ = {isa = PBXBuildFile; fileRef = 072C383214B2366000A3EB61 /* KWTimerLabel.m */; };
		072C388914B2366000A3EB61 /* KWTimerLabel.m in Sources */ = {isa = PBXBuildFile; fileRef = 072C383214B2366000A3EB61 /* KWTimerLabel.m */; };
		072C388A14B2366000A3EB61 /* kawaz-hd.png in Resources */ = {isa = PBXBuildFile; fileRef = 072C383514B2366000A3EB61 /* kawaz-hd.png */; };
		072C388B14B2366000A3EB61 /* kawaz-hd.png in Resources */ = {isa = PBXBuildFile; fileRef = 072C383514B2366000A3EB61 /* kawaz-hd.png */; };
		072C388C14B2366000A3EB61 /* kawaz.png in Resources */ = {isa = PBXBuildFile; fileRef = 072C383614B2366000A3EB61 /* kawaz.png */; };
		072C388D14B2366000A3EB61 /* kawaz.png in Resources */ = {isa = PBXBuildFile; fileRef = 072C383614B2366000A3EB61 /* kawaz.png */; };
		072C388E14B2366000A3EB61 /* KWLayer.m in Sources */ = {isa = PBXBuildFile; fileRef = 072C383914B2366000A3EB61 /* KWLayer.m */; };
		072C388F14B2366000A3EB61 /* KWLayer.m in Sources */ = {isa = PBXBuildFile; fileRef = 072C383914B2366000A3EB61 /* KWLayer.m */; };
		072C389014B2366000A3EB61 /* KWState.m in Sources */ = {isa = PBXBuildFile; fileRef = 072C383B14B2366000A3EB61 /* KWState.m */; };
		072C389114B2366000A3EB61 /* KWState.m in Sources */ = {isa = PBXBuildFile; fileRef = 072C383B14B2366000A3EB61 /* KWState.m */; };
		072C389214B2366000A3EB61 /* KWStateManager.m in Sources */ = {isa = PBXBuildFile; fileRef = 072C383D14B2366000A3EB61 /* KWStateManager.m */; };
		072C389314B2366000A3EB61 /* KWStateManager.m in Sources */ = {isa = PBXBuildFile; fileRef = 072C383D14B2366000A3EB61 /* KWStateManager.m */; };
		072C389414B2366000A3EB61 /* KWAnimation.m in Sources */ = {isa = PBXBuildFile; fileRef = 072C384014B2366000A3EB61 /* KWAnimation.m */; };
		072C389514B2366000A3EB61 /* KWAnimation.m in Sources */ = {isa = PBXBuildFile; fileRef = 072C384014B2366000A3EB61 /* KWAnimation.m */; };
		072C389614B2366000A3EB61 /* KWSprite.m in Sources */ = {isa = PBXBuildFile; fileRef = 072C384214B2366000A3EB61 /* KWSprite.m */; };
		072C389714B2366000A3EB61 /* KWSprite.m in Sources */ = {isa = PBXBuildFile; fileRef = 072C384214B2366000A3EB61 /* KWSprite.m */; };
		072C389814B2366000A3EB61 /* KWSingleton.m in Sources */ = {isa = PBXBuildFile; fileRef = 072C384514B2366000A3EB61 /* KWSingleton.m */; };
		072C389914B2366000A3EB61 /* KWSingleton.m in Sources */ = {isa = PBXBuildFile; fileRef = 072C384514B2366000A3EB61 /* KWSingleton.m */; };
		072C389A14B2366000A3EB61 /* KWTimer.m in Sources */ = {isa = PBXBuildFile; fileRef = 072C384714B2366000A3EB61 /* KWTimer.m */; };
		072C389B14B2366000A3EB61 /* KWTimer.m in Sources */ = {isa = PBXBuildFile; fileRef = 072C384714B2366000A3EB61 /* KWTimer.m */; };
		072C389C14B2366000A3EB61 /* KWVector.m in Sources */ = {isa = PBXBuildFile; fileRef = 072C384914B2366000A3EB61 /* KWVector.m */; };
		072C389D14B2366000A3EB61 /* KWVector.m in Sources */ = {isa = PBXBuildFile; fileRef = 072C384914B2366000A3EB61 /* KWVector.m */; };
		072C389E14B2366000A3EB61 /* NSArray+NSArrayExtension.m in Sources */ = {isa = PBXBuildFile; fileRef = 072C384B14B2366000A3EB61 /* NSArray+NSArrayExtension.m */; };
		072C389F14B2366000A3EB61 /* NSArray+NSArrayExtension.m in Sources */ = {isa = PBXBuildFile; fileRef = 072C384B14B2366000A3EB61 /* NSArray+NSArrayExtension.m */; };
		072C38A014B2366000A3EB61 /* AppDelegate.m in Sources */ = {isa = PBXBuildFile; fileRef = 072C384E14B2366000A3EB61 /* AppDelegate.m */; };
		072C38A114B2366000A3EB61 /* AppDelegate.m in Sources */ = {isa = PBXBuildFile; fileRef = 072C384E14B2366000A3EB61 /* AppDelegate.m */; };
		072C38A214B2366000A3EB61 /* HelloWorldLayer.m in Sources */ = {isa = PBXBuildFile; fileRef = 072C385014B2366000A3EB61 /* HelloWorldLayer.m */; };
		072C38A314B2366000A3EB61 /* HelloWorldLayer.m in Sources */ = {isa = PBXBuildFile; fileRef = 072C385014B2366000A3EB61 /* HelloWorldLayer.m */; };
		072C38A414B2366000A3EB61 /* main.m in Sources */ = {isa = PBXBuildFile; fileRef = 072C385114B2366000A3EB61 /* main.m */; };
		072C38A514B2366000A3EB61 /* main.m in Sources */ = {isa = PBXBuildFile; fileRef = 072C385114B2366000A3EB61 /* main.m */; };
		072C38A614B2366000A3EB61 /* config.lua in Resources */ = {isa = PBXBuildFile; fileRef = 072C385514B2366000A3EB61 /* config.lua */; };
		072C38A714B2366000A3EB61 /* config.lua in Resources */ = {isa = PBXBuildFile; fileRef = 072C385514B2366000A3EB61 /* config.lua */; };
		072C38A814B2366000A3EB61 /* Pow.caf in Resources */ = {isa = PBXBuildFile; fileRef = 072C385614B2366000A3EB61 /* Pow.caf */; };
		072C38A914B2366000A3EB61 /* Pow.caf in Resources */ = {isa = PBXBuildFile; fileRef = 072C385614B2366000A3EB61 /* Pow.caf */; };
		072C38AA14B2366000A3EB61 /* ship-hd.png in Resources */ = {isa = PBXBuildFile; fileRef = 072C385714B2366000A3EB61 /* ship-hd.png */; };
		072C38AB14B2366000A3EB61 /* ship-hd.png in Resources */ = {isa = PBXBuildFile; fileRef = 072C385714B2366000A3EB61 /* ship-hd.png */; };
		072C38AC14B2366000A3EB61 /* ship.png in Resources */ = {isa = PBXBuildFile; fileRef = 072C385814B2366000A3EB61 /* ship.png */; };
		072C38AD14B2366000A3EB61 /* ship.png in Resources */ = {isa = PBXBuildFile; fileRef = 072C385814B2366000A3EB61 /* ship.png */; };
		072C38AE14B2366000A3EB61 /* kobold.ttf in Resources */ = {isa = PBXBuildFile; fileRef = 072C385A14B2366000A3EB61 /* kobold.ttf */; };
		072C38AF14B2366000A3EB61 /* kobold.ttf in Resources */ = {isa = PBXBuildFile; fileRef = 072C385A14B2366000A3EB61 /* kobold.ttf */; };
		072C38B014B2366000A3EB61 /* kobold.txt in Resources */ = {isa = PBXBuildFile; fileRef = 072C385B14B2366000A3EB61 /* kobold.txt */; };
		072C38B114B2366000A3EB61 /* kobold.txt in Resources */ = {isa = PBXBuildFile; fileRef = 072C385B14B2366000A3EB61 /* kobold.txt */; };
		072C38B214B2366000A3EB61 /* kobold3d.ttf in Resources */ = {isa = PBXBuildFile; fileRef = 072C385C14B2366000A3EB61 /* kobold3d.ttf */; };
		072C38B314B2366000A3EB61 /* kobold3d.ttf in Resources */ = {isa = PBXBuildFile; fileRef = 072C385C14B2366000A3EB61 /* kobold3d.ttf */; };
		072C38B414B2366000A3EB61 /* kobold3di.ttf in Resources */ = {isa = PBXBuildFile; fileRef = 072C385D14B2366000A3EB61 /* kobold3di.ttf */; };
		072C38B514B2366000A3EB61 /* kobold3di.ttf in Resources */ = {isa = PBXBuildFile; fileRef = 072C385D14B2366000A3EB61 /* kobold3di.ttf */; };
		072C38B614B2366000A3EB61 /* koboldb.ttf in Resources */ = {isa = PBXBuildFile; fileRef = 072C385E14B2366000A3EB61 /* koboldb.ttf */; };
		072C38B714B2366000A3EB61 /* koboldb.ttf in Resources */ = {isa = PBXBuildFile; fileRef = 072C385E14B2366000A3EB61 /* koboldb.ttf */; };
		072C38B814B2366000A3EB61 /* koboldbi.ttf in Resources */ = {isa = PBXBuildFile; fileRef = 072C385F14B2366000A3EB61 /* koboldbi.ttf */; };
		072C38B914B2366000A3EB61 /* koboldbi.ttf in Resources */ = {isa = PBXBuildFile; fileRef = 072C385F14B2366000A3EB61 /* koboldbi.ttf */; };
		072C38BA14B2366000A3EB61 /* koboldc.ttf in Resources */ = {isa = PBXBuildFile; fileRef = 072C386014B2366000A3EB61 /* koboldc.ttf */; };
		072C38BB14B2366000A3EB61 /* koboldc.ttf in Resources */ = {isa = PBXBuildFile; fileRef = 072C386014B2366000A3EB61 /* koboldc.ttf */; };
		072C38BC14B2366000A3EB61 /* koboldci.ttf in Resources */ = {isa = PBXBuildFile; fileRef = 072C386114B2366000A3EB61 /* koboldci.ttf */; };
		072C38BD14B2366000A3EB61 /* koboldci.ttf in Resources */ = {isa = PBXBuildFile; fileRef = 072C386114B2366000A3EB61 /* koboldci.ttf */; };
		072C38BE14B2366000A3EB61 /* koboldi.ttf in Resources */ = {isa = PBXBuildFile; fileRef = 072C386214B2366000A3EB61 /* koboldi.ttf */; };
		072C38BF14B2366000A3EB61 /* koboldi.ttf in Resources */ = {isa = PBXBuildFile; fileRef = 072C386214B2366000A3EB61 /* koboldi.ttf */; };
		072C38C014B2366000A3EB61 /* koboldleft.ttf in Resources */ = {isa = PBXBuildFile; fileRef = 072C386314B2366000A3EB61 /* koboldleft.ttf */; };
		072C38C114B2366000A3EB61 /* koboldleft.ttf in Resources */ = {isa = PBXBuildFile; fileRef = 072C386314B2366000A3EB61 /* koboldleft.ttf */; };
		072C38C214B2366000A3EB61 /* Default.png in Resources */ = {isa = PBXBuildFile; fileRef = 072C386514B2366000A3EB61 /* Default.png */; };
		072C38C314B2366000A3EB61 /* Default.png in Resources */ = {isa = PBXBuildFile; fileRef = 072C386514B2366000A3EB61 /* Default.png */; };
		072C38C414B2366000A3EB61 /* fps_images.png in Resources */ = {isa = PBXBuildFile; fileRef = 072C386614B2366000A3EB61 /* fps_images.png */; };
		072C38C514B2366000A3EB61 /* fps_images.png in Resources */ = {isa = PBXBuildFile; fileRef = 072C386614B2366000A3EB61 /* fps_images.png */; };
		072C38C614B2366000A3EB61 /* Icon-72.png in Resources */ = {isa = PBXBuildFile; fileRef = 072C386714B2366000A3EB61 /* Icon-72.png */; };
		072C38C714B2366000A3EB61 /* Icon-72.png in Resources */ = {isa = PBXBuildFile; fileRef = 072C386714B2366000A3EB61 /* Icon-72.png */; };
		072C38C814B2366000A3EB61 /* Icon-Small-50.png in Resources */ = {isa = PBXBuildFile; fileRef = 072C386814B2366000A3EB61 /* Icon-Small-50.png */; };
		072C38C914B2366000A3EB61 /* Icon-Small-50.png in Resources */ = {isa = PBXBuildFile; fileRef = 072C386814B2366000A3EB61 /* Icon-Small-50.png */; };
		072C38CA14B2366000A3EB61 /* Icon-Small.png in Resources */ = {isa = PBXBuildFile; fileRef = 072C386914B2366000A3EB61 /* Icon-Small.png */; };
		072C38CB14B2366000A3EB61 /* Icon-Small.png in Resources */ = {isa = PBXBuildFile; fileRef = 072C386914B2366000A3EB61 /* Icon-Small.png */; };
		072C38CC14B2366000A3EB61 /* Icon-Small@2x.png in Resources */ = {isa = PBXBuildFile; fileRef = 072C386A14B2366000A3EB61 /* Icon-Small@2x.png */; };
		072C38CD14B2366000A3EB61 /* Icon-Small@2x.png in Resources */ = {isa = PBXBuildFile; fileRef = 072C386A14B2366000A3EB61 /* Icon-Small@2x.png */; };
		072C38CE14B2366000A3EB61 /* Icon.png in Resources */ = {isa = PBXBuildFile; fileRef = 072C386B14B2366000A3EB61 /* Icon.png */; };
		072C38CF14B2366000A3EB61 /* Icon.png in Resources */ = {isa = PBXBuildFile; fileRef = 072C386B14B2366000A3EB61 /* Icon.png */; };
		072C38D014B2366000A3EB61 /* Icon@2x.png in Resources */ = {isa = PBXBuildFile; fileRef = 072C386C14B2366000A3EB61 /* Icon@2x.png */; };
		072C38D114B2366000A3EB61 /* Icon@2x.png in Resources */ = {isa = PBXBuildFile; fileRef = 072C386C14B2366000A3EB61 /* Icon@2x.png */; };
		072C38D214B2366000A3EB61 /* Info.plist in Resources */ = {isa = PBXBuildFile; fileRef = 072C386D14B2366000A3EB61 /* Info.plist */; };
		072C38D314B2366000A3EB61 /* Info.plist in Resources */ = {isa = PBXBuildFile; fileRef = 072C386D14B2366000A3EB61 /* Info.plist */; };
		072C38D414B2366000A3EB61 /* iTunesArtwork in Resources */ = {isa = PBXBuildFile; fileRef = 072C386E14B2366000A3EB61 /* iTunesArtwork */; };
		072C38D514B2366000A3EB61 /* iTunesArtwork in Resources */ = {isa = PBXBuildFile; fileRef = 072C386E14B2366000A3EB61 /* iTunesArtwork */; };
		072C38D614B2366000A3EB61 /* InfoPlist.strings in Resources */ = {isa = PBXBuildFile; fileRef = 072C387114B2366000A3EB61 /* InfoPlist.strings */; };
		072C38D714B2366000A3EB61 /* InfoPlist.strings in Resources */ = {isa = PBXBuildFile; fileRef = 072C387114B2366000A3EB61 /* InfoPlist.strings */; };
		072C38D814B2366000A3EB61 /* MainMenu.xib in Resources */ = {isa = PBXBuildFile; fileRef = 072C387314B2366000A3EB61 /* MainMenu.xib */; };
		072C38D914B2366000A3EB61 /* MainMenu.xib in Resources */ = {isa = PBXBuildFile; fileRef = 072C387314B2366000A3EB61 /* MainMenu.xib */; };
		072C38DA14B2366000A3EB61 /* fps_images.png in Resources */ = {isa = PBXBuildFile; fileRef = 072C387514B2366000A3EB61 /* fps_images.png */; };
		072C38DB14B2366000A3EB61 /* fps_images.png in Resources */ = {isa = PBXBuildFile; fileRef = 072C387514B2366000A3EB61 /* fps_images.png */; };
		072C38DC14B2366000A3EB61 /* icon.icns in Resources */ = {isa = PBXBuildFile; fileRef = 072C387614B2366000A3EB61 /* icon.icns */; };
		072C38DD14B2366000A3EB61 /* icon.icns in Resources */ = {isa = PBXBuildFile; fileRef = 072C387614B2366000A3EB61 /* icon.icns */; };
		072C38DE14B2366000A3EB61 /* Info.plist in Resources */ = {isa = PBXBuildFile; fileRef = 072C387714B2366000A3EB61 /* Info.plist */; };
		072C38DF14B2366000A3EB61 /* Info.plist in Resources */ = {isa = PBXBuildFile; fileRef = 072C387714B2366000A3EB61 /* Info.plist */; };
		DC485B1113AA0E5600F2BC70 /* libchipmunk-mac.a in Frameworks */ = {isa = PBXBuildFile; fileRef = DC485B0D13AA0E5600F2BC70 /* libchipmunk-mac.a */; };
		DC485B1713AA0EBB00F2BC70 /* libbox2d-mac.a in Frameworks */ = {isa = PBXBuildFile; fileRef = DC485B1613AA0EBB00F2BC70 /* libbox2d-mac.a */; };
		DC485B4613AA18A600F2BC70 /* libcocosdenshion-mac.a in Frameworks */ = {isa = PBXBuildFile; fileRef = DC485B4513AA18A600F2BC70 /* libcocosdenshion-mac.a */; };
		DC65615C13A969B600A7AC53 /* libbox2d-ios.a in Frameworks */ = {isa = PBXBuildFile; fileRef = DC65615013A969B600A7AC53 /* libbox2d-ios.a */; };
		DC65615D13A969B600A7AC53 /* libchipmunk-ios.a in Frameworks */ = {isa = PBXBuildFile; fileRef = DC65615113A969B600A7AC53 /* libchipmunk-ios.a */; };
		DC65615E13A969B600A7AC53 /* libchipmunk-spacemanager-ios.a in Frameworks */ = {isa = PBXBuildFile; fileRef = DC65615213A969B600A7AC53 /* libchipmunk-spacemanager-ios.a */; };
		DC65616013A969B600A7AC53 /* libcocos2d-extensions-ios.a in Frameworks */ = {isa = PBXBuildFile; fileRef = DC65615413A969B600A7AC53 /* libcocos2d-extensions-ios.a */; };
		DC65616113A969B600A7AC53 /* libcocos2d-ios.a in Frameworks */ = {isa = PBXBuildFile; fileRef = DC65615513A969B600A7AC53 /* libcocos2d-ios.a */; };
		DC65616213A969B600A7AC53 /* libcocos3d-ios.a in Frameworks */ = {isa = PBXBuildFile; fileRef = DC65615613A969B600A7AC53 /* libcocos3d-ios.a */; };
		DC65616313A969B600A7AC53 /* libcocosdenshion-ios.a in Frameworks */ = {isa = PBXBuildFile; fileRef = DC65615713A969B600A7AC53 /* libcocosdenshion-ios.a */; };
		DC65616413A969B600A7AC53 /* libkobold2d-ios.a in Frameworks */ = {isa = PBXBuildFile; fileRef = DC65615813A969B600A7AC53 /* libkobold2d-ios.a */; };
		DC65616513A969B600A7AC53 /* libobjectal-ios.a in Frameworks */ = {isa = PBXBuildFile; fileRef = DC65615913A969B600A7AC53 /* libobjectal-ios.a */; };
		DC65616613A969B600A7AC53 /* libsneakyinput-ios.a in Frameworks */ = {isa = PBXBuildFile; fileRef = DC65615A13A969B600A7AC53 /* libsneakyinput-ios.a */; };
		DC65616713A969B600A7AC53 /* libwax-ios.a in Frameworks */ = {isa = PBXBuildFile; fileRef = DC65615B13A969B600A7AC53 /* libwax-ios.a */; };
		DC979E3E13B35F8800656CB9 /* libcocos2d-extensions-mac.a in Frameworks */ = {isa = PBXBuildFile; fileRef = DC979E3D13B35F8800656CB9 /* libcocos2d-extensions-mac.a */; };
		DC979E5A13B3607E00656CB9 /* libchipmunk-spacemanager-mac.a in Frameworks */ = {isa = PBXBuildFile; fileRef = DC979E5913B3607E00656CB9 /* libchipmunk-spacemanager-mac.a */; };
		DCF95CD213A97EC500AE3B80 /* libcocos2d-mac.a in Frameworks */ = {isa = PBXBuildFile; fileRef = DCF95CC913A97EC500AE3B80 /* libcocos2d-mac.a */; };
		DCF95CD413A97EC500AE3B80 /* libkobold2d-mac.a in Frameworks */ = {isa = PBXBuildFile; fileRef = DCF95CCB13A97EC500AE3B80 /* libkobold2d-mac.a */; };
		DCF95CD513A97EC500AE3B80 /* libwax-mac.a in Frameworks */ = {isa = PBXBuildFile; fileRef = DCF95CCC13A97EC500AE3B80 /* libwax-mac.a */; };
/* End PBXBuildFile section */

/* Begin PBXFileReference section */
		072C378114B2354200A3EB61 /* .app */ = {isa = PBXFileReference; explicitFileType = wrapper.application; includeInIndex = 0; path = .app; sourceTree = BUILT_PRODUCTS_DIR; };
		072C378314B2354200A3EB61 /* .app */ = {isa = PBXFileReference; explicitFileType = wrapper.application; includeInIndex = 0; path = .app; sourceTree = BUILT_PRODUCTS_DIR; };
		072C382414B2366000A3EB61 /* BuildSettings-Debug-iOS.xcconfig */ = {isa = PBXFileReference; fileEncoding = 4; lastKnownFileType = text.xcconfig; path = "BuildSettings-Debug-iOS.xcconfig"; sourceTree = "<group>"; };
		072C382514B2366000A3EB61 /* BuildSettings-Debug-Mac.xcconfig */ = {isa = PBXFileReference; fileEncoding = 4; lastKnownFileType = text.xcconfig; path = "BuildSettings-Debug-Mac.xcconfig"; sourceTree = "<group>"; };
		072C382614B2366000A3EB61 /* BuildSettings-iOS.xcconfig */ = {isa = PBXFileReference; fileEncoding = 4; lastKnownFileType = text.xcconfig; path = "BuildSettings-iOS.xcconfig"; sourceTree = "<group>"; };
		072C382714B2366000A3EB61 /* BuildSettings-Mac.xcconfig */ = {isa = PBXFileReference; fileEncoding = 4; lastKnownFileType = text.xcconfig; path = "BuildSettings-Mac.xcconfig"; sourceTree = "<group>"; };
		072C382814B2366000A3EB61 /* BuildSettings-Release-iOS.xcconfig */ = {isa = PBXFileReference; fileEncoding = 4; lastKnownFileType = text.xcconfig; path = "BuildSettings-Release-iOS.xcconfig"; sourceTree = "<group>"; };
		072C382914B2366000A3EB61 /* BuildSettings-Release-Mac.xcconfig */ = {isa = PBXFileReference; fileEncoding = 4; lastKnownFileType = text.xcconfig; path = "BuildSettings-Release-Mac.xcconfig"; sourceTree = "<group>"; };
		072C382C14B2366000A3EB61 /* KWMusicManager.h */ = {isa = PBXFileReference; fileEncoding = 4; lastKnownFileType = sourcecode.c.h; path = KWMusicManager.h; sourceTree = "<group>"; };
		072C382D14B2366000A3EB61 /* KWMusicManager.m */ = {isa = PBXFileReference; fileEncoding = 4; lastKnownFileType = sourcecode.c.objc; path = KWMusicManager.m; sourceTree = "<group>"; };
		072C382F14B2366000A3EB61 /* KWLogoLayer.h */ = {isa = PBXFileReference; fileEncoding = 4; lastKnownFileType = sourcecode.c.h; path = KWLogoLayer.h; sourceTree = "<group>"; };
		072C383014B2366000A3EB61 /* KWLogoLayer.m */ = {isa = PBXFileReference; fileEncoding = 4; lastKnownFileType = sourcecode.c.objc; path = KWLogoLayer.m; sourceTree = "<group>"; };
		072C383114B2366000A3EB61 /* KWTimerLabel.h */ = {isa = PBXFileReference; fileEncoding = 4; lastKnownFileType = sourcecode.c.h; path = KWTimerLabel.h; sourceTree = "<group>"; };
		072C383214B2366000A3EB61 /* KWTimerLabel.m */ = {isa = PBXFileReference; fileEncoding = 4; lastKnownFileType = sourcecode.c.objc; path = KWTimerLabel.m; sourceTree = "<group>"; };
		072C383314B2366000A3EB61 /* heqet.h */ = {isa = PBXFileReference; fileEncoding = 4; lastKnownFileType = sourcecode.c.h; path = heqet.h; sourceTree = "<group>"; };
		072C383514B2366000A3EB61 /* kawaz-hd.png */ = {isa = PBXFileReference; lastKnownFileType = image.png; path = "kawaz-hd.png"; sourceTree = "<group>"; };
		072C383614B2366000A3EB61 /* kawaz.png */ = {isa = PBXFileReference; lastKnownFileType = image.png; path = kawaz.png; sourceTree = "<group>"; };
		072C383814B2366000A3EB61 /* KWLayer.h */ = {isa = PBXFileReference; fileEncoding = 4; lastKnownFileType = sourcecode.c.h; path = KWLayer.h; sourceTree = "<group>"; };
		072C383914B2366000A3EB61 /* KWLayer.m */ = {isa = PBXFileReference; fileEncoding = 4; lastKnownFileType = sourcecode.c.objc; path = KWLayer.m; sourceTree = "<group>"; };
		072C383A14B2366000A3EB61 /* KWState.h */ = {isa = PBXFileReference; fileEncoding = 4; lastKnownFileType = sourcecode.c.h; path = KWState.h; sourceTree = "<group>"; };
		072C383B14B2366000A3EB61 /* KWState.m */ = {isa = PBXFileReference; fileEncoding = 4; lastKnownFileType = sourcecode.c.objc; path = KWState.m; sourceTree = "<group>"; };
		072C383C14B2366000A3EB61 /* KWStateManager.h */ = {isa = PBXFileReference; fileEncoding = 4; lastKnownFileType = sourcecode.c.h; path = KWStateManager.h; sourceTree = "<group>"; };
		072C383D14B2366000A3EB61 /* KWStateManager.m */ = {isa = PBXFileReference; fileEncoding = 4; lastKnownFileType = sourcecode.c.objc; path = KWStateManager.m; sourceTree = "<group>"; };
		072C383F14B2366000A3EB61 /* KWAnimation.h */ = {isa = PBXFileReference; fileEncoding = 4; lastKnownFileType = sourcecode.c.h; path = KWAnimation.h; sourceTree = "<group>"; };
		072C384014B2366000A3EB61 /* KWAnimation.m */ = {isa = PBXFileReference; fileEncoding = 4; lastKnownFileType = sourcecode.c.objc; path = KWAnimation.m; sourceTree = "<group>"; };
		072C384114B2366000A3EB61 /* KWSprite.h */ = {isa = PBXFileReference; fileEncoding = 4; lastKnownFileType = sourcecode.c.h; path = KWSprite.h; sourceTree = "<group>"; };
		072C384214B2366000A3EB61 /* KWSprite.m */ = {isa = PBXFileReference; fileEncoding = 4; lastKnownFileType = sourcecode.c.objc; path = KWSprite.m; sourceTree = "<group>"; };
		072C384414B2366000A3EB61 /* KWSingleton.h */ = {isa = PBXFileReference; fileEncoding = 4; lastKnownFileType = sourcecode.c.h; path = KWSingleton.h; sourceTree = "<group>"; };
		072C384514B2366000A3EB61 /* KWSingleton.m */ = {isa = PBXFileReference; fileEncoding = 4; lastKnownFileType = sourcecode.c.objc; path = KWSingleton.m; sourceTree = "<group>"; };
		072C384614B2366000A3EB61 /* KWTimer.h */ = {isa = PBXFileReference; fileEncoding = 4; lastKnownFileType = sourcecode.c.h; path = KWTimer.h; sourceTree = "<group>"; };
		072C384714B2366000A3EB61 /* KWTimer.m */ = {isa = PBXFileReference; fileEncoding = 4; lastKnownFileType = sourcecode.c.objc; path = KWTimer.m; sourceTree = "<group>"; };
		072C384814B2366000A3EB61 /* KWVector.h */ = {isa = PBXFileReference; fileEncoding = 4; lastKnownFileType = sourcecode.c.h; path = KWVector.h; sourceTree = "<group>"; };
		072C384914B2366000A3EB61 /* KWVector.m */ = {isa = PBXFileReference; fileEncoding = 4; lastKnownFileType = sourcecode.c.objc; path = KWVector.m; sourceTree = "<group>"; };
		072C384A14B2366000A3EB61 /* NSArray+NSArrayExtension.h */ = {isa = PBXFileReference; fileEncoding = 4; lastKnownFileType = sourcecode.c.h; path = "NSArray+NSArrayExtension.h"; sourceTree = "<group>"; };
		072C384B14B2366000A3EB61 /* NSArray+NSArrayExtension.m */ = {isa = PBXFileReference; fileEncoding = 4; lastKnownFileType = sourcecode.c.objc; path = "NSArray+NSArrayExtension.m"; sourceTree = "<group>"; };
		072C384D14B2366000A3EB61 /* AppDelegate.h */ = {isa = PBXFileReference; fileEncoding = 4; lastKnownFileType = sourcecode.c.h; path = AppDelegate.h; sourceTree = "<group>"; };
		072C384E14B2366000A3EB61 /* AppDelegate.m */ = {isa = PBXFileReference; fileEncoding = 4; lastKnownFileType = sourcecode.c.objc; path = AppDelegate.m; sourceTree = "<group>"; };
		072C384F14B2366000A3EB61 /* HelloWorldLayer.h */ = {isa = PBXFileReference; fileEncoding = 4; lastKnownFileType = sourcecode.c.h; path = HelloWorldLayer.h; sourceTree = "<group>"; };
		072C385014B2366000A3EB61 /* HelloWorldLayer.m */ = {isa = PBXFileReference; fileEncoding = 4; lastKnownFileType = sourcecode.c.objc; path = HelloWorldLayer.m; sourceTree = "<group>"; };
		072C385114B2366000A3EB61 /* main.m */ = {isa = PBXFileReference; fileEncoding = 4; lastKnownFileType = sourcecode.c.objc; path = main.m; sourceTree = "<group>"; };
		072C385214B2366000A3EB61 /* Prefix-iOS.pch */ = {isa = PBXFileReference; fileEncoding = 4; lastKnownFileType = sourcecode.c.h; path = "Prefix-iOS.pch"; sourceTree = "<group>"; };
		072C385314B2366000A3EB61 /* Prefix-Mac.pch */ = {isa = PBXFileReference; fileEncoding = 4; lastKnownFileType = sourcecode.c.h; path = "Prefix-Mac.pch"; sourceTree = "<group>"; };
		072C385514B2366000A3EB61 /* config.lua */ = {isa = PBXFileReference; fileEncoding = 4; lastKnownFileType = text; path = config.lua; sourceTree = "<group>"; };
		072C385614B2366000A3EB61 /* Pow.caf */ = {isa = PBXFileReference; lastKnownFileType = file; path = Pow.caf; sourceTree = "<group>"; };
		072C385714B2366000A3EB61 /* ship-hd.png */ = {isa = PBXFileReference; lastKnownFileType = image.png; path = "ship-hd.png"; sourceTree = "<group>"; };
		072C385814B2366000A3EB61 /* ship.png */ = {isa = PBXFileReference; lastKnownFileType = image.png; path = ship.png; sourceTree = "<group>"; };
		072C385A14B2366000A3EB61 /* kobold.ttf */ = {isa = PBXFileReference; lastKnownFileType = file; path = kobold.ttf; sourceTree = "<group>"; };
		072C385B14B2366000A3EB61 /* kobold.txt */ = {isa = PBXFileReference; fileEncoding = 4; lastKnownFileType = text; path = kobold.txt; sourceTree = "<group>"; };
		072C385C14B2366000A3EB61 /* kobold3d.ttf */ = {isa = PBXFileReference; lastKnownFileType = file; path = kobold3d.ttf; sourceTree = "<group>"; };
		072C385D14B2366000A3EB61 /* kobold3di.ttf */ = {isa = PBXFileReference; lastKnownFileType = file; path = kobold3di.ttf; sourceTree = "<group>"; };
		072C385E14B2366000A3EB61 /* koboldb.ttf */ = {isa = PBXFileReference; lastKnownFileType = file; path = koboldb.ttf; sourceTree = "<group>"; };
		072C385F14B2366000A3EB61 /* koboldbi.ttf */ = {isa = PBXFileReference; lastKnownFileType = file; path = koboldbi.ttf; sourceTree = "<group>"; };
		072C386014B2366000A3EB61 /* koboldc.ttf */ = {isa = PBXFileReference; lastKnownFileType = file; path = koboldc.ttf; sourceTree = "<group>"; };
		072C386114B2366000A3EB61 /* koboldci.ttf */ = {isa = PBXFileReference; lastKnownFileType = file; path = koboldci.ttf; sourceTree = "<group>"; };
		072C386214B2366000A3EB61 /* koboldi.ttf */ = {isa = PBXFileReference; lastKnownFileType = file; path = koboldi.ttf; sourceTree = "<group>"; };
		072C386314B2366000A3EB61 /* koboldleft.ttf */ = {isa = PBXFileReference; lastKnownFileType = file; path = koboldleft.ttf; sourceTree = "<group>"; };
		072C386514B2366000A3EB61 /* Default.png */ = {isa = PBXFileReference; lastKnownFileType = image.png; path = Default.png; sourceTree = "<group>"; };
		072C386614B2366000A3EB61 /* fps_images.png */ = {isa = PBXFileReference; lastKnownFileType = image.png; path = fps_images.png; sourceTree = "<group>"; };
		072C386714B2366000A3EB61 /* Icon-72.png */ = {isa = PBXFileReference; lastKnownFileType = image.png; path = "Icon-72.png"; sourceTree = "<group>"; };
		072C386814B2366000A3EB61 /* Icon-Small-50.png */ = {isa = PBXFileReference; lastKnownFileType = image.png; path = "Icon-Small-50.png"; sourceTree = "<group>"; };
		072C386914B2366000A3EB61 /* Icon-Small.png */ = {isa = PBXFileReference; lastKnownFileType = image.png; path = "Icon-Small.png"; sourceTree = "<group>"; };
		072C386A14B2366000A3EB61 /* Icon-Small@2x.png */ = {isa = PBXFileReference; lastKnownFileType = image.png; path = "Icon-Small@2x.png"; sourceTree = "<group>"; };
		072C386B14B2366000A3EB61 /* Icon.png */ = {isa = PBXFileReference; lastKnownFileType = image.png; path = Icon.png; sourceTree = "<group>"; };
		072C386C14B2366000A3EB61 /* Icon@2x.png */ = {isa = PBXFileReference; lastKnownFileType = image.png; path = "Icon@2x.png"; sourceTree = "<group>"; };
		072C386D14B2366000A3EB61 /* Info.plist */ = {isa = PBXFileReference; fileEncoding = 4; lastKnownFileType = text.plist.xml; path = Info.plist; sourceTree = "<group>"; };
		072C386E14B2366000A3EB61 /* iTunesArtwork */ = {isa = PBXFileReference; lastKnownFileType = file; path = iTunesArtwork; sourceTree = "<group>"; };
		072C387214B2366000A3EB61 /* English */ = {isa = PBXFileReference; lastKnownFileType = text.plist.strings; name = English; path = English.lproj/InfoPlist.strings; sourceTree = "<group>"; };
		072C387414B2366000A3EB61 /* English */ = {isa = PBXFileReference; lastKnownFileType = file.xib; name = English; path = English.lproj/MainMenu.xib; sourceTree = "<group>"; };
		072C387514B2366000A3EB61 /* fps_images.png */ = {isa = PBXFileReference; lastKnownFileType = image.png; path = fps_images.png; sourceTree = "<group>"; };
		072C387614B2366000A3EB61 /* icon.icns */ = {isa = PBXFileReference; lastKnownFileType = image.icns; path = icon.icns; sourceTree = "<group>"; };
		072C387714B2366000A3EB61 /* Info.plist */ = {isa = PBXFileReference; fileEncoding = 4; lastKnownFileType = text.plist.xml; path = Info.plist; sourceTree = "<group>"; };
		DC485B0D13AA0E5600F2BC70 /* libchipmunk-mac.a */ = {isa = PBXFileReference; explicitFileType = archive.ar; path = "libchipmunk-mac.a"; sourceTree = BUILT_PRODUCTS_DIR; };
		DC485B1613AA0EBB00F2BC70 /* libbox2d-mac.a */ = {isa = PBXFileReference; explicitFileType = archive.ar; path = "libbox2d-mac.a"; sourceTree = BUILT_PRODUCTS_DIR; };
		DC485B4513AA18A600F2BC70 /* libcocosdenshion-mac.a */ = {isa = PBXFileReference; explicitFileType = archive.ar; path = "libcocosdenshion-mac.a"; sourceTree = BUILT_PRODUCTS_DIR; };
		DC65615013A969B600A7AC53 /* libbox2d-ios.a */ = {isa = PBXFileReference; explicitFileType = archive.ar; path = "libbox2d-ios.a"; sourceTree = BUILT_PRODUCTS_DIR; };
		DC65615113A969B600A7AC53 /* libchipmunk-ios.a */ = {isa = PBXFileReference; explicitFileType = archive.ar; path = "libchipmunk-ios.a"; sourceTree = BUILT_PRODUCTS_DIR; };
		DC65615213A969B600A7AC53 /* libchipmunk-spacemanager-ios.a */ = {isa = PBXFileReference; explicitFileType = archive.ar; path = "libchipmunk-spacemanager-ios.a"; sourceTree = BUILT_PRODUCTS_DIR; };
		DC65615413A969B600A7AC53 /* libcocos2d-extensions-ios.a */ = {isa = PBXFileReference; explicitFileType = archive.ar; path = "libcocos2d-extensions-ios.a"; sourceTree = BUILT_PRODUCTS_DIR; };
		DC65615513A969B600A7AC53 /* libcocos2d-ios.a */ = {isa = PBXFileReference; explicitFileType = archive.ar; path = "libcocos2d-ios.a"; sourceTree = BUILT_PRODUCTS_DIR; };
		DC65615613A969B600A7AC53 /* libcocos3d-ios.a */ = {isa = PBXFileReference; explicitFileType = archive.ar; path = "libcocos3d-ios.a"; sourceTree = BUILT_PRODUCTS_DIR; };
		DC65615713A969B600A7AC53 /* libcocosdenshion-ios.a */ = {isa = PBXFileReference; explicitFileType = archive.ar; path = "libcocosdenshion-ios.a"; sourceTree = BUILT_PRODUCTS_DIR; };
		DC65615813A969B600A7AC53 /* libkobold2d-ios.a */ = {isa = PBXFileReference; explicitFileType = archive.ar; path = "libkobold2d-ios.a"; sourceTree = BUILT_PRODUCTS_DIR; };
		DC65615913A969B600A7AC53 /* libobjectal-ios.a */ = {isa = PBXFileReference; explicitFileType = archive.ar; path = "libobjectal-ios.a"; sourceTree = BUILT_PRODUCTS_DIR; };
		DC65615A13A969B600A7AC53 /* libsneakyinput-ios.a */ = {isa = PBXFileReference; explicitFileType = archive.ar; path = "libsneakyinput-ios.a"; sourceTree = BUILT_PRODUCTS_DIR; };
		DC65615B13A969B600A7AC53 /* libwax-ios.a */ = {isa = PBXFileReference; explicitFileType = archive.ar; path = "libwax-ios.a"; sourceTree = BUILT_PRODUCTS_DIR; };
		DC979E3D13B35F8800656CB9 /* libcocos2d-extensions-mac.a */ = {isa = PBXFileReference; explicitFileType = archive.ar; path = "libcocos2d-extensions-mac.a"; sourceTree = BUILT_PRODUCTS_DIR; };
		DC979E5913B3607E00656CB9 /* libchipmunk-spacemanager-mac.a */ = {isa = PBXFileReference; explicitFileType = archive.ar; path = "libchipmunk-spacemanager-mac.a"; sourceTree = BUILT_PRODUCTS_DIR; };
		DCF95CC913A97EC500AE3B80 /* libcocos2d-mac.a */ = {isa = PBXFileReference; explicitFileType = archive.ar; path = "libcocos2d-mac.a"; sourceTree = BUILT_PRODUCTS_DIR; };
		DCF95CCB13A97EC500AE3B80 /* libkobold2d-mac.a */ = {isa = PBXFileReference; explicitFileType = archive.ar; path = "libkobold2d-mac.a"; sourceTree = BUILT_PRODUCTS_DIR; };
		DCF95CCC13A97EC500AE3B80 /* libwax-mac.a */ = {isa = PBXFileReference; explicitFileType = archive.ar; path = "libwax-mac.a"; sourceTree = BUILT_PRODUCTS_DIR; };
/* End PBXFileReference section */

/* Begin PBXFrameworksBuildPhase section */
		DCC1A0E013A94ED5005BD75D /* Frameworks */ = {
			isa = PBXFrameworksBuildPhase;
			buildActionMask = 2147483647;
			files = (
				DC65615C13A969B600A7AC53 /* libbox2d-ios.a in Frameworks */,
				DC65615D13A969B600A7AC53 /* libchipmunk-ios.a in Frameworks */,
				DC65615E13A969B600A7AC53 /* libchipmunk-spacemanager-ios.a in Frameworks */,
				DC65616013A969B600A7AC53 /* libcocos2d-extensions-ios.a in Frameworks */,
				DC65616113A969B600A7AC53 /* libcocos2d-ios.a in Frameworks */,
				DC65616213A969B600A7AC53 /* libcocos3d-ios.a in Frameworks */,
				DC65616313A969B600A7AC53 /* libcocosdenshion-ios.a in Frameworks */,
				DC65616413A969B600A7AC53 /* libkobold2d-ios.a in Frameworks */,
				DC65616513A969B600A7AC53 /* libobjectal-ios.a in Frameworks */,
				DC65616613A969B600A7AC53 /* libsneakyinput-ios.a in Frameworks */,
				DC65616713A969B600A7AC53 /* libwax-ios.a in Frameworks */,
			);
			runOnlyForDeploymentPostprocessing = 0;
		};
		DCC1A25713A94EE6005BD75D /* Frameworks */ = {
			isa = PBXFrameworksBuildPhase;
			buildActionMask = 2147483647;
			files = (
				DC979E5A13B3607E00656CB9 /* libchipmunk-spacemanager-mac.a in Frameworks */,
				DC979E3E13B35F8800656CB9 /* libcocos2d-extensions-mac.a in Frameworks */,
				DC485B4613AA18A600F2BC70 /* libcocosdenshion-mac.a in Frameworks */,
				DC485B1713AA0EBB00F2BC70 /* libbox2d-mac.a in Frameworks */,
				DC485B1113AA0E5600F2BC70 /* libchipmunk-mac.a in Frameworks */,
				DCF95CD213A97EC500AE3B80 /* libcocos2d-mac.a in Frameworks */,
				DCF95CD413A97EC500AE3B80 /* libkobold2d-mac.a in Frameworks */,
				DCF95CD513A97EC500AE3B80 /* libwax-mac.a in Frameworks */,
			);
			runOnlyForDeploymentPostprocessing = 0;
		};
/* End PBXFrameworksBuildPhase section */

/* Begin PBXGroup section */
		072C378514B2354E00A3EB61 /* Products */ = {
			isa = PBXGroup;
			children = (
				072C378114B2354200A3EB61 /* .app */,
				072C378314B2354200A3EB61 /* .app */,
			);
			name = Products;
			sourceTree = "<group>";
		};
		072C382314B2366000A3EB61 /* BuildSettings */ = {
			isa = PBXGroup;
			children = (
				072C382414B2366000A3EB61 /* BuildSettings-Debug-iOS.xcconfig */,
				072C382514B2366000A3EB61 /* BuildSettings-Debug-Mac.xcconfig */,
				072C382614B2366000A3EB61 /* BuildSettings-iOS.xcconfig */,
				072C382714B2366000A3EB61 /* BuildSettings-Mac.xcconfig */,
				072C382814B2366000A3EB61 /* BuildSettings-Release-iOS.xcconfig */,
				072C382914B2366000A3EB61 /* BuildSettings-Release-Mac.xcconfig */,
			);
			path = BuildSettings;
			sourceTree = "<group>";
		};
		072C382A14B2366000A3EB61 /* Heqet */ = {
			isa = PBXGroup;
			children = (
				072C382B14B2366000A3EB61 /* audio */,
				072C382E14B2366000A3EB61 /* contrib */,
				072C383314B2366000A3EB61 /* heqet.h */,
				072C383414B2366000A3EB61 /* resources */,
				072C383714B2366000A3EB61 /* scene */,
				072C383E14B2366000A3EB61 /* sprite */,
				072C384314B2366000A3EB61 /* util */,
			);
			path = Heqet;
			sourceTree = "<group>";
		};
		072C382B14B2366000A3EB61 /* audio */ = {
			isa = PBXGroup;
			children = (
				072C382C14B2366000A3EB61 /* KWMusicManager.h */,
				072C382D14B2366000A3EB61 /* KWMusicManager.m */,
			);
			path = audio;
			sourceTree = "<group>";
		};
		072C382E14B2366000A3EB61 /* contrib */ = {
			isa = PBXGroup;
			children = (
				072C382F14B2366000A3EB61 /* KWLogoLayer.h */,
				072C383014B2366000A3EB61 /* KWLogoLayer.m */,
				072C383114B2366000A3EB61 /* KWTimerLabel.h */,
				072C383214B2366000A3EB61 /* KWTimerLabel.m */,
			);
			path = contrib;
			sourceTree = "<group>";
		};
		072C383414B2366000A3EB61 /* resources */ = {
			isa = PBXGroup;
			children = (
				072C383514B2366000A3EB61 /* kawaz-hd.png */,
				072C383614B2366000A3EB61 /* kawaz.png */,
			);
			path = resources;
			sourceTree = "<group>";
		};
		072C383714B2366000A3EB61 /* scene */ = {
			isa = PBXGroup;
			children = (
				072C383814B2366000A3EB61 /* KWLayer.h */,
				072C383914B2366000A3EB61 /* KWLayer.m */,
				072C383A14B2366000A3EB61 /* KWState.h */,
				072C383B14B2366000A3EB61 /* KWState.m */,
				072C383C14B2366000A3EB61 /* KWStateManager.h */,
				072C383D14B2366000A3EB61 /* KWStateManager.m */,
			);
			path = scene;
			sourceTree = "<group>";
		};
		072C383E14B2366000A3EB61 /* sprite */ = {
			isa = PBXGroup;
			children = (
				072C383F14B2366000A3EB61 /* KWAnimation.h */,
				072C384014B2366000A3EB61 /* KWAnimation.m */,
				072C384114B2366000A3EB61 /* KWSprite.h */,
				072C384214B2366000A3EB61 /* KWSprite.m */,
			);
			path = sprite;
			sourceTree = "<group>";
		};
		072C384314B2366000A3EB61 /* util */ = {
			isa = PBXGroup;
			children = (
				072C384414B2366000A3EB61 /* KWSingleton.h */,
				072C384514B2366000A3EB61 /* KWSingleton.m */,
				072C384614B2366000A3EB61 /* KWTimer.h */,
				072C384714B2366000A3EB61 /* KWTimer.m */,
				072C384814B2366000A3EB61 /* KWVector.h */,
				072C384914B2366000A3EB61 /* KWVector.m */,
				072C384A14B2366000A3EB61 /* NSArray+NSArrayExtension.h */,
				072C384B14B2366000A3EB61 /* NSArray+NSArrayExtension.m */,
			);
			path = util;
			sourceTree = "<group>";
		};
		072C384C14B2366000A3EB61 /* Projectfiles */ = {
			isa = PBXGroup;
			children = (
				072C384D14B2366000A3EB61 /* AppDelegate.h */,
				072C384E14B2366000A3EB61 /* AppDelegate.m */,
				072C384F14B2366000A3EB61 /* HelloWorldLayer.h */,
				072C385014B2366000A3EB61 /* HelloWorldLayer.m */,
				072C385114B2366000A3EB61 /* main.m */,
				072C385214B2366000A3EB61 /* Prefix-iOS.pch */,
				072C385314B2366000A3EB61 /* Prefix-Mac.pch */,
				072C385414B2366000A3EB61 /* Resources */,
			);
			path = Projectfiles;
			sourceTree = "<group>";
		};
		072C385414B2366000A3EB61 /* Resources */ = {
			isa = PBXGroup;
			children = (
				072C385514B2366000A3EB61 /* config.lua */,
				072C385614B2366000A3EB61 /* Pow.caf */,
				072C385714B2366000A3EB61 /* ship-hd.png */,
				072C385814B2366000A3EB61 /* ship.png */,
			);
			path = Resources;
			sourceTree = "<group>";
		};
		072C385914B2366000A3EB61 /* Projectfiles-iOS */ = {
			isa = PBXGroup;
			children = (
				072C385A14B2366000A3EB61 /* kobold.ttf */,
				072C385B14B2366000A3EB61 /* kobold.txt */,
				072C385C14B2366000A3EB61 /* kobold3d.ttf */,
				072C385D14B2366000A3EB61 /* kobold3di.ttf */,
				072C385E14B2366000A3EB61 /* koboldb.ttf */,
				072C385F14B2366000A3EB61 /* koboldbi.ttf */,
				072C386014B2366000A3EB61 /* koboldc.ttf */,
				072C386114B2366000A3EB61 /* koboldci.ttf */,
				072C386214B2366000A3EB61 /* koboldi.ttf */,
				072C386314B2366000A3EB61 /* koboldleft.ttf */,
				072C386414B2366000A3EB61 /* Resources */,
			);
			path = "Projectfiles-iOS";
			sourceTree = "<group>";
		};
		072C386414B2366000A3EB61 /* Resources */ = {
			isa = PBXGroup;
			children = (
				072C386514B2366000A3EB61 /* Default.png */,
				072C386614B2366000A3EB61 /* fps_images.png */,
				072C386714B2366000A3EB61 /* Icon-72.png */,
				072C386814B2366000A3EB61 /* Icon-Small-50.png */,
				072C386914B2366000A3EB61 /* Icon-Small.png */,
				072C386A14B2366000A3EB61 /* Icon-Small@2x.png */,
				072C386B14B2366000A3EB61 /* Icon.png */,
				072C386C14B2366000A3EB61 /* Icon@2x.png */,
				072C386D14B2366000A3EB61 /* Info.plist */,
				072C386E14B2366000A3EB61 /* iTunesArtwork */,
			);
			path = Resources;
			sourceTree = "<group>";
		};
		072C386F14B2366000A3EB61 /* Projectfiles-Mac */ = {
			isa = PBXGroup;
			children = (
				072C387014B2366000A3EB61 /* Resources */,
			);
			path = "Projectfiles-Mac";
			sourceTree = "<group>";
		};
		072C387014B2366000A3EB61 /* Resources */ = {
			isa = PBXGroup;
			children = (
				072C387114B2366000A3EB61 /* InfoPlist.strings */,
				072C387314B2366000A3EB61 /* MainMenu.xib */,
				072C387514B2366000A3EB61 /* fps_images.png */,
				072C387614B2366000A3EB61 /* icon.icns */,
				072C387714B2366000A3EB61 /* Info.plist */,
			);
			path = Resources;
			sourceTree = "<group>";
		};
		DCC1A0D613A94EC0005BD75D = {
			isa = PBXGroup;
			children = (
				072C382314B2366000A3EB61 /* BuildSettings */,
				072C382A14B2366000A3EB61 /* Heqet */,
				072C384C14B2366000A3EB61 /* Projectfiles */,
				072C385914B2366000A3EB61 /* Projectfiles-iOS */,
				072C386F14B2366000A3EB61 /* Projectfiles-Mac */,
				072C378514B2354E00A3EB61 /* Products */,
			);
			sourceTree = "<group>";
		};
/* End PBXGroup section */

/* Begin PBXNativeTarget section */
		DCC1A0E213A94ED5005BD75D /* _Kobold2D-With-Heqet-Template_-iOS */ = {
			isa = PBXNativeTarget;
			buildConfigurationList = DCC1A25313A94ED7005BD75D /* Build configuration list for PBXNativeTarget "_Kobold2D-With-Heqet-Template_-iOS" */;
			buildPhases = (
				DCC1A0DF13A94ED5005BD75D /* Sources */,
				DCC1A0E013A94ED5005BD75D /* Frameworks */,
				DCC1A0E113A94ED5005BD75D /* Resources */,
			);
			buildRules = (
			);
			dependencies = (
			);
			name = "_Kobold2D-With-Heqet-Template_-iOS";
			productName = "Hello-World-iOS";
			productReference = 072C378114B2354200A3EB61 /* .app */;
			productType = "com.apple.product-type.application";
		};
		DCC1A25913A94EE6005BD75D /* _Kobold2D-With-Heqet-Template_-Mac */ = {
			isa = PBXNativeTarget;
			buildConfigurationList = DCC1A38913A94EE7005BD75D /* Build configuration list for PBXNativeTarget "_Kobold2D-With-Heqet-Template_-Mac" */;
			buildPhases = (
				DCC1A25613A94EE6005BD75D /* Sources */,
				DCC1A25713A94EE6005BD75D /* Frameworks */,
				DCC1A25813A94EE6005BD75D /* Resources */,
			);
			buildRules = (
			);
			dependencies = (
			);
			name = "_Kobold2D-With-Heqet-Template_-Mac";
			productName = "Hello-World-Mac";
			productReference = 072C378314B2354200A3EB61 /* .app */;
			productType = "com.apple.product-type.application";
		};
/* End PBXNativeTarget section */

/* Begin PBXProject section */
		DCC1A0D813A94EC0005BD75D /* Project object */ = {
			isa = PBXProject;
			attributes = {
				LastUpgradeCheck = 0420;
			};
			buildConfigurationList = DCC1A0DB13A94EC0005BD75D /* Build configuration list for PBXProject "_Kobold2D-With-Heqet-Template_" */;
			compatibilityVersion = "Xcode 3.2";
			developmentRegion = English;
			hasScannedForEncodings = 0;
			knownRegions = (
				en,
				English,
			);
			mainGroup = DCC1A0D613A94EC0005BD75D;
			productRefGroup = DCC1A0D613A94EC0005BD75D;
			projectDirPath = "";
			projectRoot = "";
			targets = (
				DCC1A0E213A94ED5005BD75D /* _Kobold2D-With-Heqet-Template_-iOS */,
				DCC1A25913A94EE6005BD75D /* _Kobold2D-With-Heqet-Template_-Mac */,
			);
		};
/* End PBXProject section */

/* Begin PBXResourcesBuildPhase section */
		DCC1A0E113A94ED5005BD75D /* Resources */ = {
			isa = PBXResourcesBuildPhase;
			buildActionMask = 2147483647;
			files = (
				072C387814B2366000A3EB61 /* BuildSettings-Debug-iOS.xcconfig in Resources */,
				072C387A14B2366000A3EB61 /* BuildSettings-Debug-Mac.xcconfig in Resources */,
				072C387C14B2366000A3EB61 /* BuildSettings-iOS.xcconfig in Resources */,
				072C387E14B2366000A3EB61 /* BuildSettings-Mac.xcconfig in Resources */,
				072C388014B2366000A3EB61 /* BuildSettings-Release-iOS.xcconfig in Resources */,
				072C388214B2366000A3EB61 /* BuildSettings-Release-Mac.xcconfig in Resources */,
				072C388A14B2366000A3EB61 /* kawaz-hd.png in Resources */,
				072C388C14B2366000A3EB61 /* kawaz.png in Resources */,
				072C38A614B2366000A3EB61 /* config.lua in Resources */,
				072C38A814B2366000A3EB61 /* Pow.caf in Resources */,
				072C38AA14B2366000A3EB61 /* ship-hd.png in Resources */,
				072C38AC14B2366000A3EB61 /* ship.png in Resources */,
				072C38AE14B2366000A3EB61 /* kobold.ttf in Resources */,
				072C38B014B2366000A3EB61 /* kobold.txt in Resources */,
				072C38B214B2366000A3EB61 /* kobold3d.ttf in Resources */,
				072C38B414B2366000A3EB61 /* kobold3di.ttf in Resources */,
				072C38B614B2366000A3EB61 /* koboldb.ttf in Resources */,
				072C38B814B2366000A3EB61 /* koboldbi.ttf in Resources */,
				072C38BA14B2366000A3EB61 /* koboldc.ttf in Resources */,
				072C38BC14B2366000A3EB61 /* koboldci.ttf in Resources */,
				072C38BE14B2366000A3EB61 /* koboldi.ttf in Resources */,
				072C38C014B2366000A3EB61 /* koboldleft.ttf in Resources */,
				072C38C214B2366000A3EB61 /* Default.png in Resources */,
				072C38C414B2366000A3EB61 /* fps_images.png in Resources */,
				072C38C614B2366000A3EB61 /* Icon-72.png in Resources */,
				072C38C814B2366000A3EB61 /* Icon-Small-50.png in Resources */,
				072C38CA14B2366000A3EB61 /* Icon-Small.png in Resources */,
				072C38CC14B2366000A3EB61 /* Icon-Small@2x.png in Resources */,
				072C38CE14B2366000A3EB61 /* Icon.png in Resources */,
				072C38D014B2366000A3EB61 /* Icon@2x.png in Resources */,
				072C38D214B2366000A3EB61 /* Info.plist in Resources */,
				072C38D414B2366000A3EB61 /* iTunesArtwork in Resources */,
				072C38D614B2366000A3EB61 /* InfoPlist.strings in Resources */,
				072C38D814B2366000A3EB61 /* MainMenu.xib in Resources */,
				072C38DA14B2366000A3EB61 /* fps_images.png in Resources */,
				072C38DC14B2366000A3EB61 /* icon.icns in Resources */,
				072C38DE14B2366000A3EB61 /* Info.plist in Resources */,
			);
			runOnlyForDeploymentPostprocessing = 0;
		};
		DCC1A25813A94EE6005BD75D /* Resources */ = {
			isa = PBXResourcesBuildPhase;
			buildActionMask = 2147483647;
			files = (
				072C387914B2366000A3EB61 /* BuildSettings-Debug-iOS.xcconfig in Resources */,
				072C387B14B2366000A3EB61 /* BuildSettings-Debug-Mac.xcconfig in Resources */,
				072C387D14B2366000A3EB61 /* BuildSettings-iOS.xcconfig in Resources */,
				072C387F14B2366000A3EB61 /* BuildSettings-Mac.xcconfig in Resources */,
				072C388114B2366000A3EB61 /* BuildSettings-Release-iOS.xcconfig in Resources */,
				072C388314B2366000A3EB61 /* BuildSettings-Release-Mac.xcconfig in Resources */,
				072C388B14B2366000A3EB61 /* kawaz-hd.png in Resources */,
				072C388D14B2366000A3EB61 /* kawaz.png in Resources */,
				072C38A714B2366000A3EB61 /* config.lua in Resources */,
				072C38A914B2366000A3EB61 /* Pow.caf in Resources */,
				072C38AB14B2366000A3EB61 /* ship-hd.png in Resources */,
				072C38AD14B2366000A3EB61 /* ship.png in Resources */,
				072C38AF14B2366000A3EB61 /* kobold.ttf in Resources */,
				072C38B114B2366000A3EB61 /* kobold.txt in Resources */,
				072C38B314B2366000A3EB61 /* kobold3d.ttf in Resources */,
				072C38B514B2366000A3EB61 /* kobold3di.ttf in Resources */,
				072C38B714B2366000A3EB61 /* koboldb.ttf in Resources */,
				072C38B914B2366000A3EB61 /* koboldbi.ttf in Resources */,
				072C38BB14B2366000A3EB61 /* koboldc.ttf in Resources */,
				072C38BD14B2366000A3EB61 /* koboldci.ttf in Resources */,
				072C38BF14B2366000A3EB61 /* koboldi.ttf in Resources */,
				072C38C114B2366000A3EB61 /* koboldleft.ttf in Resources */,
				072C38C314B2366000A3EB61 /* Default.png in Resources */,
				072C38C514B2366000A3EB61 /* fps_images.png in Resources */,
				072C38C714B2366000A3EB61 /* Icon-72.png in Resources */,
				072C38C914B2366000A3EB61 /* Icon-Small-50.png in Resources */,
				072C38CB14B2366000A3EB61 /* Icon-Small.png in Resources */,
				072C38CD14B2366000A3EB61 /* Icon-Small@2x.png in Resources */,
				072C38CF14B2366000A3EB61 /* Icon.png in Resources */,
				072C38D114B2366000A3EB61 /* Icon@2x.png in Resources */,
				072C38D314B2366000A3EB61 /* Info.plist in Resources */,
				072C38D514B2366000A3EB61 /* iTunesArtwork in Resources */,
				072C38D714B2366000A3EB61 /* InfoPlist.strings in Resources */,
				072C38D914B2366000A3EB61 /* MainMenu.xib in Resources */,
				072C38DB14B2366000A3EB61 /* fps_images.png in Resources */,
				072C38DD14B2366000A3EB61 /* icon.icns in Resources */,
				072C38DF14B2366000A3EB61 /* Info.plist in Resources */,
			);
			runOnlyForDeploymentPostprocessing = 0;
		};
/* End PBXResourcesBuildPhase section */

/* Begin PBXSourcesBuildPhase section */
		DCC1A0DF13A94ED5005BD75D /* Sources */ = {
			isa = PBXSourcesBuildPhase;
			buildActionMask = 2147483647;
			files = (
				072C388414B2366000A3EB61 /* KWMusicManager.m in Sources */,
				072C388614B2366000A3EB61 /* KWLogoLayer.m in Sources */,
				072C388814B2366000A3EB61 /* KWTimerLabel.m in Sources */,
				072C388E14B2366000A3EB61 /* KWLayer.m in Sources */,
				072C389014B2366000A3EB61 /* KWState.m in Sources */,
				072C389214B2366000A3EB61 /* KWStateManager.m in Sources */,
				072C389414B2366000A3EB61 /* KWAnimation.m in Sources */,
				072C389614B2366000A3EB61 /* KWSprite.m in Sources */,
				072C389814B2366000A3EB61 /* KWSingleton.m in Sources */,
				072C389A14B2366000A3EB61 /* KWTimer.m in Sources */,
				072C389C14B2366000A3EB61 /* KWVector.m in Sources */,
				072C389E14B2366000A3EB61 /* NSArray+NSArrayExtension.m in Sources */,
				072C38A014B2366000A3EB61 /* AppDelegate.m in Sources */,
				072C38A214B2366000A3EB61 /* HelloWorldLayer.m in Sources */,
				072C38A414B2366000A3EB61 /* main.m in Sources */,
			);
			runOnlyForDeploymentPostprocessing = 0;
		};
		DCC1A25613A94EE6005BD75D /* Sources */ = {
			isa = PBXSourcesBuildPhase;
			buildActionMask = 2147483647;
			files = (
				072C388514B2366000A3EB61 /* KWMusicManager.m in Sources */,
				072C388714B2366000A3EB61 /* KWLogoLayer.m in Sources */,
				072C388914B2366000A3EB61 /* KWTimerLabel.m in Sources */,
				072C388F14B2366000A3EB61 /* KWLayer.m in Sources */,
				072C389114B2366000A3EB61 /* KWState.m in Sources */,
				072C389314B2366000A3EB61 /* KWStateManager.m in Sources */,
				072C389514B2366000A3EB61 /* KWAnimation.m in Sources */,
				072C389714B2366000A3EB61 /* KWSprite.m in Sources */,
				072C389914B2366000A3EB61 /* KWSingleton.m in Sources */,
				072C389B14B2366000A3EB61 /* KWTimer.m in Sources */,
				072C389D14B2366000A3EB61 /* KWVector.m in Sources */,
				072C389F14B2366000A3EB61 /* NSArray+NSArrayExtension.m in Sources */,
				072C38A114B2366000A3EB61 /* AppDelegate.m in Sources */,
				072C38A314B2366000A3EB61 /* HelloWorldLayer.m in Sources */,
				072C38A514B2366000A3EB61 /* main.m in Sources */,
			);
			runOnlyForDeploymentPostprocessing = 0;
		};
/* End PBXSourcesBuildPhase section */

/* Begin PBXVariantGroup section */
		072C387114B2366000A3EB61 /* InfoPlist.strings */ = {
			isa = PBXVariantGroup;
			children = (
				072C387214B2366000A3EB61 /* English */,
			);
			name = InfoPlist.strings;
			sourceTree = "<group>";
		};
		072C387314B2366000A3EB61 /* MainMenu.xib */ = {
			isa = PBXVariantGroup;
			children = (
				072C387414B2366000A3EB61 /* English */,
			);
			name = MainMenu.xib;
			sourceTree = "<group>";
		};
/* End PBXVariantGroup section */

/* Begin XCBuildConfiguration section */
		DCC1A0DD13A94EC0005BD75D /* Debug */ = {
			isa = XCBuildConfiguration;
			buildSettings = {
			};
			name = Debug;
		};
		DCC1A0DE13A94EC0005BD75D /* Release */ = {
			isa = XCBuildConfiguration;
			buildSettings = {
			};
			name = Release;
		};
		DCC1A25413A94ED7005BD75D /* Debug */ = {
			isa = XCBuildConfiguration;
			buildSettings = {
				LIBRARY_SEARCH_PATHS = (
					"$(inherited)",
					"\"$(SRCROOT)/../__Kobold2D__/libs/GoogleAdMobAdsSDK\"",
				);
			};
			name = Debug;
		};
		DCC1A25513A94ED7005BD75D /* Release */ = {
			isa = XCBuildConfiguration;
			buildSettings = {
				LIBRARY_SEARCH_PATHS = (
					"$(inherited)",
					"\"$(SRCROOT)/../__Kobold2D__/libs/GoogleAdMobAdsSDK\"",
				);
			};
			name = Release;
		};
		DCC1A38A13A94EE7005BD75D /* Debug */ = {
			isa = XCBuildConfiguration;
			buildSettings = {
			};
			name = Debug;
		};
		DCC1A38B13A94EE7005BD75D /* Release */ = {
			isa = XCBuildConfiguration;
			buildSettings = {
			};
			name = Release;
		};
/* End XCBuildConfiguration section */

/* Begin XCConfigurationList section */
		DCC1A0DB13A94EC0005BD75D /* Build configuration list for PBXProject "_Kobold2D-With-Heqet-Template_" */ = {
			isa = XCConfigurationList;
			buildConfigurations = (
				DCC1A0DD13A94EC0005BD75D /* Debug */,
				DCC1A0DE13A94EC0005BD75D /* Release */,
			);
			defaultConfigurationIsVisible = 0;
			defaultConfigurationName = Release;
		};
		DCC1A25313A94ED7005BD75D /* Build configuration list for PBXNativeTarget "_Kobold2D-With-Heqet-Template_-iOS" */ = {
			isa = XCConfigurationList;
			buildConfigurations = (
				DCC1A25413A94ED7005BD75D /* Debug */,
				DCC1A25513A94ED7005BD75D /* Release */,
			);
			defaultConfigurationIsVisible = 0;
			defaultConfigurationName = Release;
		};
		DCC1A38913A94EE7005BD75D /* Build configuration list for PBXNativeTarget "_Kobold2D-With-Heqet-Template_-Mac" */ = {
			isa = XCConfigurationList;
			buildConfigurations = (
				DCC1A38A13A94EE7005BD75D /* Debug */,
				DCC1A38B13A94EE7005BD75D /* Release */,
			);
			defaultConfigurationIsVisible = 0;
			defaultConfigurationName = Release;
		};
/* End XCConfigurationList section */
	};
	rootObject = DCC1A0D813A94EC0005BD75D /* Project object */;
}
