// !$*UTF8*$!
{
	archiveVersion = 1;
	classes = {
	};
	objectVersion = 46;
	objects = {

/* Begin PBXBuildFile section */
		072C363314B2333900A3EB61 /* BuildSettings-Debug-iOS.xcconfig in Resources */ = {isa = PBXBuildFile; fileRef = 072C35DF14B2333900A3EB61 /* BuildSettings-Debug-iOS.xcconfig */; };
		072C363414B2333900A3EB61 /* BuildSettings-Debug-iOS.xcconfig in Resources */ = {isa = PBXBuildFile; fileRef = 072C35DF14B2333900A3EB61 /* BuildSettings-Debug-iOS.xcconfig */; };
		072C363514B2333900A3EB61 /* BuildSettings-Debug-Mac.xcconfig in Resources */ = {isa = PBXBuildFile; fileRef = 072C35E014B2333900A3EB61 /* BuildSettings-Debug-Mac.xcconfig */; };
		072C363614B2333900A3EB61 /* BuildSettings-Debug-Mac.xcconfig in Resources */ = {isa = PBXBuildFile; fileRef = 072C35E014B2333900A3EB61 /* BuildSettings-Debug-Mac.xcconfig */; };
		072C363714B2333900A3EB61 /* BuildSettings-iOS.xcconfig in Resources */ = {isa = PBXBuildFile; fileRef = 072C35E114B2333900A3EB61 /* BuildSettings-iOS.xcconfig */; };
		072C363814B2333900A3EB61 /* BuildSettings-iOS.xcconfig in Resources */ = {isa = PBXBuildFile; fileRef = 072C35E114B2333900A3EB61 /* BuildSettings-iOS.xcconfig */; };
		072C363914B2333900A3EB61 /* BuildSettings-Mac.xcconfig in Resources */ = {isa = PBXBuildFile; fileRef = 072C35E214B2333900A3EB61 /* BuildSettings-Mac.xcconfig */; };
		072C363A14B2333900A3EB61 /* BuildSettings-Mac.xcconfig in Resources */ = {isa = PBXBuildFile; fileRef = 072C35E214B2333900A3EB61 /* BuildSettings-Mac.xcconfig */; };
		072C363B14B2333900A3EB61 /* BuildSettings-Release-iOS.xcconfig in Resources */ = {isa = PBXBuildFile; fileRef = 072C35E314B2333900A3EB61 /* BuildSettings-Release-iOS.xcconfig */; };
		072C363C14B2333900A3EB61 /* BuildSettings-Release-iOS.xcconfig in Resources */ = {isa = PBXBuildFile; fileRef = 072C35E314B2333900A3EB61 /* BuildSettings-Release-iOS.xcconfig */; };
		072C363D14B2333900A3EB61 /* BuildSettings-Release-Mac.xcconfig in Resources */ = {isa = PBXBuildFile; fileRef = 072C35E414B2333900A3EB61 /* BuildSettings-Release-Mac.xcconfig */; };
		072C363E14B2333900A3EB61 /* BuildSettings-Release-Mac.xcconfig in Resources */ = {isa = PBXBuildFile; fileRef = 072C35E414B2333900A3EB61 /* BuildSettings-Release-Mac.xcconfig */; };
		072C363F14B2333A00A3EB61 /* KWMusicManager.m in Sources */ = {isa = PBXBuildFile; fileRef = 072C35E814B2333900A3EB61 /* KWMusicManager.m */; };
		072C364014B2333A00A3EB61 /* KWMusicManager.m in Sources */ = {isa = PBXBuildFile; fileRef = 072C35E814B2333900A3EB61 /* KWMusicManager.m */; };
		072C364114B2333A00A3EB61 /* KWLogoLayer.m in Sources */ = {isa = PBXBuildFile; fileRef = 072C35EB14B2333900A3EB61 /* KWLogoLayer.m */; };
		072C364214B2333A00A3EB61 /* KWLogoLayer.m in Sources */ = {isa = PBXBuildFile; fileRef = 072C35EB14B2333900A3EB61 /* KWLogoLayer.m */; };
		072C364314B2333A00A3EB61 /* KWTimerLabel.m in Sources */ = {isa = PBXBuildFile; fileRef = 072C35ED14B2333900A3EB61 /* KWTimerLabel.m */; };
		072C364414B2333A00A3EB61 /* KWTimerLabel.m in Sources */ = {isa = PBXBuildFile; fileRef = 072C35ED14B2333900A3EB61 /* KWTimerLabel.m */; };
		072C364514B2333A00A3EB61 /* kawaz-hd.png in Resources */ = {isa = PBXBuildFile; fileRef = 072C35EF14B2333900A3EB61 /* kawaz-hd.png */; };
		072C364614B2333A00A3EB61 /* kawaz-hd.png in Resources */ = {isa = PBXBuildFile; fileRef = 072C35EF14B2333900A3EB61 /* kawaz-hd.png */; };
		072C364714B2333A00A3EB61 /* kawaz.png in Resources */ = {isa = PBXBuildFile; fileRef = 072C35F014B2333900A3EB61 /* kawaz.png */; };
		072C364814B2333A00A3EB61 /* kawaz.png in Resources */ = {isa = PBXBuildFile; fileRef = 072C35F014B2333900A3EB61 /* kawaz.png */; };
		072C364914B2333A00A3EB61 /* KWLayer.m in Sources */ = {isa = PBXBuildFile; fileRef = 072C35F314B2333900A3EB61 /* KWLayer.m */; };
		072C364A14B2333A00A3EB61 /* KWLayer.m in Sources */ = {isa = PBXBuildFile; fileRef = 072C35F314B2333900A3EB61 /* KWLayer.m */; };
		072C364B14B2333A00A3EB61 /* KWState.m in Sources */ = {isa = PBXBuildFile; fileRef = 072C35F514B2333900A3EB61 /* KWState.m */; };
		072C364C14B2333A00A3EB61 /* KWState.m in Sources */ = {isa = PBXBuildFile; fileRef = 072C35F514B2333900A3EB61 /* KWState.m */; };
		072C364D14B2333A00A3EB61 /* KWStateManager.m in Sources */ = {isa = PBXBuildFile; fileRef = 072C35F714B2333900A3EB61 /* KWStateManager.m */; };
		072C364E14B2333A00A3EB61 /* KWStateManager.m in Sources */ = {isa = PBXBuildFile; fileRef = 072C35F714B2333900A3EB61 /* KWStateManager.m */; };
		072C364F14B2333A00A3EB61 /* KWAnimation.m in Sources */ = {isa = PBXBuildFile; fileRef = 072C35FA14B2333900A3EB61 /* KWAnimation.m */; };
		072C365014B2333A00A3EB61 /* KWAnimation.m in Sources */ = {isa = PBXBuildFile; fileRef = 072C35FA14B2333900A3EB61 /* KWAnimation.m */; };
		072C365114B2333A00A3EB61 /* KWSprite.m in Sources */ = {isa = PBXBuildFile; fileRef = 072C35FC14B2333900A3EB61 /* KWSprite.m */; };
		072C365214B2333A00A3EB61 /* KWSprite.m in Sources */ = {isa = PBXBuildFile; fileRef = 072C35FC14B2333900A3EB61 /* KWSprite.m */; };
		072C365314B2333A00A3EB61 /* KWSingleton.m in Sources */ = {isa = PBXBuildFile; fileRef = 072C35FF14B2333900A3EB61 /* KWSingleton.m */; };
		072C365414B2333A00A3EB61 /* KWSingleton.m in Sources */ = {isa = PBXBuildFile; fileRef = 072C35FF14B2333900A3EB61 /* KWSingleton.m */; };
		072C365514B2333A00A3EB61 /* KWTimer.m in Sources */ = {isa = PBXBuildFile; fileRef = 072C360114B2333900A3EB61 /* KWTimer.m */; };
		072C365614B2333A00A3EB61 /* KWTimer.m in Sources */ = {isa = PBXBuildFile; fileRef = 072C360114B2333900A3EB61 /* KWTimer.m */; };
		072C365714B2333A00A3EB61 /* KWVector.m in Sources */ = {isa = PBXBuildFile; fileRef = 072C360314B2333900A3EB61 /* KWVector.m */; };
		072C365814B2333A00A3EB61 /* KWVector.m in Sources */ = {isa = PBXBuildFile; fileRef = 072C360314B2333900A3EB61 /* KWVector.m */; };
		072C365914B2333A00A3EB61 /* NSArray+NSArrayExtension.m in Sources */ = {isa = PBXBuildFile; fileRef = 072C360514B2333900A3EB61 /* NSArray+NSArrayExtension.m */; };
		072C365A14B2333A00A3EB61 /* NSArray+NSArrayExtension.m in Sources */ = {isa = PBXBuildFile; fileRef = 072C360514B2333900A3EB61 /* NSArray+NSArrayExtension.m */; };
		072C365B14B2333A00A3EB61 /* AppDelegate.m in Sources */ = {isa = PBXBuildFile; fileRef = 072C360914B2333900A3EB61 /* AppDelegate.m */; };
		072C365C14B2333A00A3EB61 /* AppDelegate.m in Sources */ = {isa = PBXBuildFile; fileRef = 072C360914B2333900A3EB61 /* AppDelegate.m */; };
		072C365D14B2333A00A3EB61 /* HelloWorldLayer.m in Sources */ = {isa = PBXBuildFile; fileRef = 072C360B14B2333900A3EB61 /* HelloWorldLayer.m */; };
		072C365E14B2333A00A3EB61 /* HelloWorldLayer.m in Sources */ = {isa = PBXBuildFile; fileRef = 072C360B14B2333900A3EB61 /* HelloWorldLayer.m */; };
		072C365F14B2333A00A3EB61 /* main.m in Sources */ = {isa = PBXBuildFile; fileRef = 072C360C14B2333900A3EB61 /* main.m */; };
		072C366014B2333A00A3EB61 /* main.m in Sources */ = {isa = PBXBuildFile; fileRef = 072C360C14B2333900A3EB61 /* main.m */; };
		072C366114B2333A00A3EB61 /* config.lua in Resources */ = {isa = PBXBuildFile; fileRef = 072C361014B2333900A3EB61 /* config.lua */; };
		072C366214B2333A00A3EB61 /* config.lua in Resources */ = {isa = PBXBuildFile; fileRef = 072C361014B2333900A3EB61 /* config.lua */; };
		072C366314B2333A00A3EB61 /* Pow.caf in Resources */ = {isa = PBXBuildFile; fileRef = 072C361114B2333900A3EB61 /* Pow.caf */; };
		072C366414B2333A00A3EB61 /* Pow.caf in Resources */ = {isa = PBXBuildFile; fileRef = 072C361114B2333900A3EB61 /* Pow.caf */; };
		072C366514B2333A00A3EB61 /* ship-hd.png in Resources */ = {isa = PBXBuildFile; fileRef = 072C361214B2333900A3EB61 /* ship-hd.png */; };
		072C366614B2333A00A3EB61 /* ship-hd.png in Resources */ = {isa = PBXBuildFile; fileRef = 072C361214B2333900A3EB61 /* ship-hd.png */; };
		072C366714B2333A00A3EB61 /* ship.png in Resources */ = {isa = PBXBuildFile; fileRef = 072C361314B2333900A3EB61 /* ship.png */; };
		072C366814B2333A00A3EB61 /* ship.png in Resources */ = {isa = PBXBuildFile; fileRef = 072C361314B2333900A3EB61 /* ship.png */; };
		072C366914B2333A00A3EB61 /* kobold.ttf in Resources */ = {isa = PBXBuildFile; fileRef = 072C361514B2333900A3EB61 /* kobold.ttf */; };
		072C366A14B2333A00A3EB61 /* kobold.ttf in Resources */ = {isa = PBXBuildFile; fileRef = 072C361514B2333900A3EB61 /* kobold.ttf */; };
		072C366B14B2333A00A3EB61 /* kobold.txt in Resources */ = {isa = PBXBuildFile; fileRef = 072C361614B2333900A3EB61 /* kobold.txt */; };
		072C366C14B2333A00A3EB61 /* kobold.txt in Resources */ = {isa = PBXBuildFile; fileRef = 072C361614B2333900A3EB61 /* kobold.txt */; };
		072C366D14B2333A00A3EB61 /* kobold3d.ttf in Resources */ = {isa = PBXBuildFile; fileRef = 072C361714B2333900A3EB61 /* kobold3d.ttf */; };
		072C366E14B2333A00A3EB61 /* kobold3d.ttf in Resources */ = {isa = PBXBuildFile; fileRef = 072C361714B2333900A3EB61 /* kobold3d.ttf */; };
		072C366F14B2333A00A3EB61 /* kobold3di.ttf in Resources */ = {isa = PBXBuildFile; fileRef = 072C361814B2333900A3EB61 /* kobold3di.ttf */; };
		072C367014B2333A00A3EB61 /* kobold3di.ttf in Resources */ = {isa = PBXBuildFile; fileRef = 072C361814B2333900A3EB61 /* kobold3di.ttf */; };
		072C367114B2333A00A3EB61 /* koboldb.ttf in Resources */ = {isa = PBXBuildFile; fileRef = 072C361914B2333900A3EB61 /* koboldb.ttf */; };
		072C367214B2333A00A3EB61 /* koboldb.ttf in Resources */ = {isa = PBXBuildFile; fileRef = 072C361914B2333900A3EB61 /* koboldb.ttf */; };
		072C367314B2333A00A3EB61 /* koboldbi.ttf in Resources */ = {isa = PBXBuildFile; fileRef = 072C361A14B2333900A3EB61 /* koboldbi.ttf */; };
		072C367414B2333A00A3EB61 /* koboldbi.ttf in Resources */ = {isa = PBXBuildFile; fileRef = 072C361A14B2333900A3EB61 /* koboldbi.ttf */; };
		072C367514B2333A00A3EB61 /* koboldc.ttf in Resources */ = {isa = PBXBuildFile; fileRef = 072C361B14B2333900A3EB61 /* koboldc.ttf */; };
		072C367614B2333A00A3EB61 /* koboldc.ttf in Resources */ = {isa = PBXBuildFile; fileRef = 072C361B14B2333900A3EB61 /* koboldc.ttf */; };
		072C367714B2333A00A3EB61 /* koboldci.ttf in Resources */ = {isa = PBXBuildFile; fileRef = 072C361C14B2333900A3EB61 /* koboldci.ttf */; };
		072C367814B2333A00A3EB61 /* koboldci.ttf in Resources */ = {isa = PBXBuildFile; fileRef = 072C361C14B2333900A3EB61 /* koboldci.ttf */; };
		072C367914B2333A00A3EB61 /* koboldi.ttf in Resources */ = {isa = PBXBuildFile; fileRef = 072C361D14B2333900A3EB61 /* koboldi.ttf */; };
		072C367A14B2333A00A3EB61 /* koboldi.ttf in Resources */ = {isa = PBXBuildFile; fileRef = 072C361D14B2333900A3EB61 /* koboldi.ttf */; };
		072C367B14B2333A00A3EB61 /* koboldleft.ttf in Resources */ = {isa = PBXBuildFile; fileRef = 072C361E14B2333900A3EB61 /* koboldleft.ttf */; };
		072C367C14B2333A00A3EB61 /* koboldleft.ttf in Resources */ = {isa = PBXBuildFile; fileRef = 072C361E14B2333900A3EB61 /* koboldleft.ttf */; };
		072C367D14B2333A00A3EB61 /* Default.png in Resources */ = {isa = PBXBuildFile; fileRef = 072C362014B2333900A3EB61 /* Default.png */; };
		072C367E14B2333A00A3EB61 /* Default.png in Resources */ = {isa = PBXBuildFile; fileRef = 072C362014B2333900A3EB61 /* Default.png */; };
		072C367F14B2333A00A3EB61 /* fps_images.png in Resources */ = {isa = PBXBuildFile; fileRef = 072C362114B2333900A3EB61 /* fps_images.png */; };
		072C368014B2333A00A3EB61 /* fps_images.png in Resources */ = {isa = PBXBuildFile; fileRef = 072C362114B2333900A3EB61 /* fps_images.png */; };
		072C368114B2333A00A3EB61 /* Icon-72.png in Resources */ = {isa = PBXBuildFile; fileRef = 072C362214B2333900A3EB61 /* Icon-72.png */; };
		072C368214B2333A00A3EB61 /* Icon-72.png in Resources */ = {isa = PBXBuildFile; fileRef = 072C362214B2333900A3EB61 /* Icon-72.png */; };
		072C368314B2333A00A3EB61 /* Icon-Small-50.png in Resources */ = {isa = PBXBuildFile; fileRef = 072C362314B2333900A3EB61 /* Icon-Small-50.png */; };
		072C368414B2333A00A3EB61 /* Icon-Small-50.png in Resources */ = {isa = PBXBuildFile; fileRef = 072C362314B2333900A3EB61 /* Icon-Small-50.png */; };
		072C368514B2333A00A3EB61 /* Icon-Small.png in Resources */ = {isa = PBXBuildFile; fileRef = 072C362414B2333900A3EB61 /* Icon-Small.png */; };
		072C368614B2333A00A3EB61 /* Icon-Small.png in Resources */ = {isa = PBXBuildFile; fileRef = 072C362414B2333900A3EB61 /* Icon-Small.png */; };
		072C368714B2333A00A3EB61 /* Icon-Small@2x.png in Resources */ = {isa = PBXBuildFile; fileRef = 072C362514B2333900A3EB61 /* Icon-Small@2x.png */; };
		072C368814B2333A00A3EB61 /* Icon-Small@2x.png in Resources */ = {isa = PBXBuildFile; fileRef = 072C362514B2333900A3EB61 /* Icon-Small@2x.png */; };
		072C368914B2333A00A3EB61 /* Icon.png in Resources */ = {isa = PBXBuildFile; fileRef = 072C362614B2333900A3EB61 /* Icon.png */; };
		072C368A14B2333A00A3EB61 /* Icon.png in Resources */ = {isa = PBXBuildFile; fileRef = 072C362614B2333900A3EB61 /* Icon.png */; };
		072C368B14B2333A00A3EB61 /* Icon@2x.png in Resources */ = {isa = PBXBuildFile; fileRef = 072C362714B2333900A3EB61 /* Icon@2x.png */; };
		072C368C14B2333A00A3EB61 /* Icon@2x.png in Resources */ = {isa = PBXBuildFile; fileRef = 072C362714B2333900A3EB61 /* Icon@2x.png */; };
		072C368D14B2333A00A3EB61 /* Info.plist in Resources */ = {isa = PBXBuildFile; fileRef = 072C362814B2333900A3EB61 /* Info.plist */; };
		072C368E14B2333A00A3EB61 /* Info.plist in Resources */ = {isa = PBXBuildFile; fileRef = 072C362814B2333900A3EB61 /* Info.plist */; };
		072C368F14B2333A00A3EB61 /* iTunesArtwork in Resources */ = {isa = PBXBuildFile; fileRef = 072C362914B2333900A3EB61 /* iTunesArtwork */; };
		072C369014B2333A00A3EB61 /* iTunesArtwork in Resources */ = {isa = PBXBuildFile; fileRef = 072C362914B2333900A3EB61 /* iTunesArtwork */; };
		072C369114B2333A00A3EB61 /* InfoPlist.strings in Resources */ = {isa = PBXBuildFile; fileRef = 072C362C14B2333900A3EB61 /* InfoPlist.strings */; };
		072C369214B2333A00A3EB61 /* InfoPlist.strings in Resources */ = {isa = PBXBuildFile; fileRef = 072C362C14B2333900A3EB61 /* InfoPlist.strings */; };
		072C369314B2333A00A3EB61 /* MainMenu.xib in Resources */ = {isa = PBXBuildFile; fileRef = 072C362E14B2333900A3EB61 /* MainMenu.xib */; };
		072C369414B2333A00A3EB61 /* MainMenu.xib in Resources */ = {isa = PBXBuildFile; fileRef = 072C362E14B2333900A3EB61 /* MainMenu.xib */; };
		072C369514B2333A00A3EB61 /* fps_images.png in Resources */ = {isa = PBXBuildFile; fileRef = 072C363014B2333900A3EB61 /* fps_images.png */; };
		072C369614B2333A00A3EB61 /* fps_images.png in Resources */ = {isa = PBXBuildFile; fileRef = 072C363014B2333900A3EB61 /* fps_images.png */; };
		072C369714B2333A00A3EB61 /* icon.icns in Resources */ = {isa = PBXBuildFile; fileRef = 072C363114B2333900A3EB61 /* icon.icns */; };
		072C369814B2333A00A3EB61 /* icon.icns in Resources */ = {isa = PBXBuildFile; fileRef = 072C363114B2333900A3EB61 /* icon.icns */; };
		072C369914B2333A00A3EB61 /* Info.plist in Resources */ = {isa = PBXBuildFile; fileRef = 072C363214B2333900A3EB61 /* Info.plist */; };
		072C369A14B2333A00A3EB61 /* Info.plist in Resources */ = {isa = PBXBuildFile; fileRef = 072C363214B2333900A3EB61 /* Info.plist */; };
		DC485B1113AA0E5600F2BC70 /* libchipmunk-mac.a in Frameworks */ = {isa = PBXBuildFile; fileRef = DC485B0D13AA0E5600F2BC70 /* libchipmunk-mac.a */; };
		DC485B1713AA0EBB00F2BC70 /* libbox2d-mac.a in Frameworks */ = {isa = PBXBuildFile; fileRef = DC485B1613AA0EBB00F2BC70 /* libbox2d-mac.a */; };
		DC485B4613AA18A600F2BC70 /* libcocosdenshion-mac.a in Frameworks */ = {isa = PBXBuildFile; fileRef = DC485B4513AA18A600F2BC70 /* libcocosdenshion-mac.a */; };
		DC65615C13A969B600A7AC53 /* libbox2d-ios.a in Frameworks */ = {isa = PBXBuildFile; fileRef = DC65615013A969B600A7AC53 /* libbox2d-ios.a */; };
		DC65615D13A969B600A7AC53 /* libchipmunk-ios.a in Frameworks */ = {isa = PBXBuildFile; fileRef = DC65615113A969B600A7AC53 /* libchipmunk-ios.a */; };
		DC65615E13A969B600A7AC53 /* libchipmunk-spacemanager-ios.a in Frameworks */ = {isa = PBXBuildFile; fileRef = DC65615213A969B600A7AC53 /* libchipmunk-spacemanager-ios.a */; };
		DC65616013A969B600A7AC53 /* libcocos2d-extensions-ios.a in Frameworks */ = {isa = PBXBuildFile; fileRef = DC65615413A969B600A7AC53 /* libcocos2d-extensions-ios.a */; };
		DC65616113A969B600A7AC53 /* libcocos2d-ios.a in Frameworks */ = {isa = PBXBuildFile; fileRef = DC65615513A969B600A7AC53 /* libcocos2d-ios.a */; };
		DC65616213A969B600A7AC53 /* libcocos3d-ios.a in Frameworks */ = {isa = PBXBuildFile; fileRef = DC65615613A969B600A7AC53 /* libcocos3d-ios.a */; };
		DC65616313A969B600A7AC53 /* libcocosdenshion-ios.a in Frameworks */ = {isa = PBXBuildFile; fileRef = DC65615713A969B600A7AC53 /* libcocosdenshion-ios.a */; };
		DC65616413A969B600A7AC53 /* libkobold2d-ios.a in Frameworks */ = {isa = PBXBuildFile; fileRef = DC65615813A969B600A7AC53 /* libkobold2d-ios.a */; };
		DC65616513A969B600A7AC53 /* libobjectal-ios.a in Frameworks */ = {isa = PBXBuildFile; fileRef = DC65615913A969B600A7AC53 /* libobjectal-ios.a */; };
		DC65616613A969B600A7AC53 /* libsneakyinput-ios.a in Frameworks */ = {isa = PBXBuildFile; fileRef = DC65615A13A969B600A7AC53 /* libsneakyinput-ios.a */; };
		DC65616713A969B600A7AC53 /* libwax-ios.a in Frameworks */ = {isa = PBXBuildFile; fileRef = DC65615B13A969B600A7AC53 /* libwax-ios.a */; };
		DC979E3E13B35F8800656CB9 /* libcocos2d-extensions-mac.a in Frameworks */ = {isa = PBXBuildFile; fileRef = DC979E3D13B35F8800656CB9 /* libcocos2d-extensions-mac.a */; };
		DC979E5A13B3607E00656CB9 /* libchipmunk-spacemanager-mac.a in Frameworks */ = {isa = PBXBuildFile; fileRef = DC979E5913B3607E00656CB9 /* libchipmunk-spacemanager-mac.a */; };
		DCF95CD213A97EC500AE3B80 /* libcocos2d-mac.a in Frameworks */ = {isa = PBXBuildFile; fileRef = DCF95CC913A97EC500AE3B80 /* libcocos2d-mac.a */; };
		DCF95CD413A97EC500AE3B80 /* libkobold2d-mac.a in Frameworks */ = {isa = PBXBuildFile; fileRef = DCF95CCB13A97EC500AE3B80 /* libkobold2d-mac.a */; };
		DCF95CD513A97EC500AE3B80 /* libwax-mac.a in Frameworks */ = {isa = PBXBuildFile; fileRef = DCF95CCC13A97EC500AE3B80 /* libwax-mac.a */; };
/* End PBXBuildFile section */

/* Begin PBXFileReference section */
		072C35DA14B2332200A3EB61 /* .app */ = {isa = PBXFileReference; explicitFileType = wrapper.application; includeInIndex = 0; name = .app; path = /Users/giginet/Develop/Release/.app; sourceTree = "<absolute>"; };
		072C35DC14B2332200A3EB61 /* .app */ = {isa = PBXFileReference; explicitFileType = wrapper.application; includeInIndex = 0; name = .app; path = /Users/giginet/Develop/Release/.app; sourceTree = "<absolute>"; };
		072C35DF14B2333900A3EB61 /* BuildSettings-Debug-iOS.xcconfig */ = {isa = PBXFileReference; fileEncoding = 4; lastKnownFileType = text.xcconfig; path = "BuildSettings-Debug-iOS.xcconfig"; sourceTree = "<group>"; };
		072C35E014B2333900A3EB61 /* BuildSettings-Debug-Mac.xcconfig */ = {isa = PBXFileReference; fileEncoding = 4; lastKnownFileType = text.xcconfig; path = "BuildSettings-Debug-Mac.xcconfig"; sourceTree = "<group>"; };
		072C35E114B2333900A3EB61 /* BuildSettings-iOS.xcconfig */ = {isa = PBXFileReference; fileEncoding = 4; lastKnownFileType = text.xcconfig; path = "BuildSettings-iOS.xcconfig"; sourceTree = "<group>"; };
		072C35E214B2333900A3EB61 /* BuildSettings-Mac.xcconfig */ = {isa = PBXFileReference; fileEncoding = 4; lastKnownFileType = text.xcconfig; path = "BuildSettings-Mac.xcconfig"; sourceTree = "<group>"; };
		072C35E314B2333900A3EB61 /* BuildSettings-Release-iOS.xcconfig */ = {isa = PBXFileReference; fileEncoding = 4; lastKnownFileType = text.xcconfig; path = "BuildSettings-Release-iOS.xcconfig"; sourceTree = "<group>"; };
		072C35E414B2333900A3EB61 /* BuildSettings-Release-Mac.xcconfig */ = {isa = PBXFileReference; fileEncoding = 4; lastKnownFileType = text.xcconfig; path = "BuildSettings-Release-Mac.xcconfig"; sourceTree = "<group>"; };
		072C35E714B2333900A3EB61 /* KWMusicManager.h */ = {isa = PBXFileReference; fileEncoding = 4; lastKnownFileType = sourcecode.c.h; path = KWMusicManager.h; sourceTree = "<group>"; };
		072C35E814B2333900A3EB61 /* KWMusicManager.m */ = {isa = PBXFileReference; fileEncoding = 4; lastKnownFileType = sourcecode.c.objc; path = KWMusicManager.m; sourceTree = "<group>"; };
		072C35EA14B2333900A3EB61 /* KWLogoLayer.h */ = {isa = PBXFileReference; fileEncoding = 4; lastKnownFileType = sourcecode.c.h; path = KWLogoLayer.h; sourceTree = "<group>"; };
		072C35EB14B2333900A3EB61 /* KWLogoLayer.m */ = {isa = PBXFileReference; fileEncoding = 4; lastKnownFileType = sourcecode.c.objc; path = KWLogoLayer.m; sourceTree = "<group>"; };
		072C35EC14B2333900A3EB61 /* KWTimerLabel.h */ = {isa = PBXFileReference; fileEncoding = 4; lastKnownFileType = sourcecode.c.h; path = KWTimerLabel.h; sourceTree = "<group>"; };
		072C35ED14B2333900A3EB61 /* KWTimerLabel.m */ = {isa = PBXFileReference; fileEncoding = 4; lastKnownFileType = sourcecode.c.objc; path = KWTimerLabel.m; sourceTree = "<group>"; };
		072C35EF14B2333900A3EB61 /* kawaz-hd.png */ = {isa = PBXFileReference; lastKnownFileType = image.png; path = "kawaz-hd.png"; sourceTree = "<group>"; };
		072C35F014B2333900A3EB61 /* kawaz.png */ = {isa = PBXFileReference; lastKnownFileType = image.png; path = kawaz.png; sourceTree = "<group>"; };
		072C35F214B2333900A3EB61 /* KWLayer.h */ = {isa = PBXFileReference; fileEncoding = 4; lastKnownFileType = sourcecode.c.h; path = KWLayer.h; sourceTree = "<group>"; };
		072C35F314B2333900A3EB61 /* KWLayer.m */ = {isa = PBXFileReference; fileEncoding = 4; lastKnownFileType = sourcecode.c.objc; path = KWLayer.m; sourceTree = "<group>"; };
		072C35F414B2333900A3EB61 /* KWState.h */ = {isa = PBXFileReference; fileEncoding = 4; lastKnownFileType = sourcecode.c.h; path = KWState.h; sourceTree = "<group>"; };
		072C35F514B2333900A3EB61 /* KWState.m */ = {isa = PBXFileReference; fileEncoding = 4; lastKnownFileType = sourcecode.c.objc; path = KWState.m; sourceTree = "<group>"; };
		072C35F614B2333900A3EB61 /* KWStateManager.h */ = {isa = PBXFileReference; fileEncoding = 4; lastKnownFileType = sourcecode.c.h; path = KWStateManager.h; sourceTree = "<group>"; };
		072C35F714B2333900A3EB61 /* KWStateManager.m */ = {isa = PBXFileReference; fileEncoding = 4; lastKnownFileType = sourcecode.c.objc; path = KWStateManager.m; sourceTree = "<group>"; };
		072C35F914B2333900A3EB61 /* KWAnimation.h */ = {isa = PBXFileReference; fileEncoding = 4; lastKnownFileType = sourcecode.c.h; path = KWAnimation.h; sourceTree = "<group>"; };
		072C35FA14B2333900A3EB61 /* KWAnimation.m */ = {isa = PBXFileReference; fileEncoding = 4; lastKnownFileType = sourcecode.c.objc; path = KWAnimation.m; sourceTree = "<group>"; };
		072C35FB14B2333900A3EB61 /* KWSprite.h */ = {isa = PBXFileReference; fileEncoding = 4; lastKnownFileType = sourcecode.c.h; path = KWSprite.h; sourceTree = "<group>"; };
		072C35FC14B2333900A3EB61 /* KWSprite.m */ = {isa = PBXFileReference; fileEncoding = 4; lastKnownFileType = sourcecode.c.objc; path = KWSprite.m; sourceTree = "<group>"; };
		072C35FE14B2333900A3EB61 /* KWSingleton.h */ = {isa = PBXFileReference; fileEncoding = 4; lastKnownFileType = sourcecode.c.h; path = KWSingleton.h; sourceTree = "<group>"; };
		072C35FF14B2333900A3EB61 /* KWSingleton.m */ = {isa = PBXFileReference; fileEncoding = 4; lastKnownFileType = sourcecode.c.objc; path = KWSingleton.m; sourceTree = "<group>"; };
		072C360014B2333900A3EB61 /* KWTimer.h */ = {isa = PBXFileReference; fileEncoding = 4; lastKnownFileType = sourcecode.c.h; path = KWTimer.h; sourceTree = "<group>"; };
		072C360114B2333900A3EB61 /* KWTimer.m */ = {isa = PBXFileReference; fileEncoding = 4; lastKnownFileType = sourcecode.c.objc; path = KWTimer.m; sourceTree = "<group>"; };
		072C360214B2333900A3EB61 /* KWVector.h */ = {isa = PBXFileReference; fileEncoding = 4; lastKnownFileType = sourcecode.c.h; path = KWVector.h; sourceTree = "<group>"; };
		072C360314B2333900A3EB61 /* KWVector.m */ = {isa = PBXFileReference; fileEncoding = 4; lastKnownFileType = sourcecode.c.objc; path = KWVector.m; sourceTree = "<group>"; };
		072C360414B2333900A3EB61 /* NSArray+NSArrayExtension.h */ = {isa = PBXFileReference; fileEncoding = 4; lastKnownFileType = sourcecode.c.h; path = "NSArray+NSArrayExtension.h"; sourceTree = "<group>"; };
		072C360514B2333900A3EB61 /* NSArray+NSArrayExtension.m */ = {isa = PBXFileReference; fileEncoding = 4; lastKnownFileType = sourcecode.c.objc; path = "NSArray+NSArrayExtension.m"; sourceTree = "<group>"; };
		072C360614B2333900A3EB61 /* heqet.h */ = {isa = PBXFileReference; fileEncoding = 4; lastKnownFileType = sourcecode.c.h; path = heqet.h; sourceTree = "<group>"; };
		072C360814B2333900A3EB61 /* AppDelegate.h */ = {isa = PBXFileReference; fileEncoding = 4; lastKnownFileType = sourcecode.c.h; path = AppDelegate.h; sourceTree = "<group>"; };
		072C360914B2333900A3EB61 /* AppDelegate.m */ = {isa = PBXFileReference; fileEncoding = 4; lastKnownFileType = sourcecode.c.objc; path = AppDelegate.m; sourceTree = "<group>"; };
		072C360A14B2333900A3EB61 /* HelloWorldLayer.h */ = {isa = PBXFileReference; fileEncoding = 4; lastKnownFileType = sourcecode.c.h; path = HelloWorldLayer.h; sourceTree = "<group>"; };
		072C360B14B2333900A3EB61 /* HelloWorldLayer.m */ = {isa = PBXFileReference; fileEncoding = 4; lastKnownFileType = sourcecode.c.objc; path = HelloWorldLayer.m; sourceTree = "<group>"; };
		072C360C14B2333900A3EB61 /* main.m */ = {isa = PBXFileReference; fileEncoding = 4; lastKnownFileType = sourcecode.c.objc; path = main.m; sourceTree = "<group>"; };
		072C360D14B2333900A3EB61 /* Prefix-iOS.pch */ = {isa = PBXFileReference; fileEncoding = 4; lastKnownFileType = sourcecode.c.h; path = "Prefix-iOS.pch"; sourceTree = "<group>"; };
		072C360E14B2333900A3EB61 /* Prefix-Mac.pch */ = {isa = PBXFileReference; fileEncoding = 4; lastKnownFileType = sourcecode.c.h; path = "Prefix-Mac.pch"; sourceTree = "<group>"; };
		072C361014B2333900A3EB61 /* config.lua */ = {isa = PBXFileReference; fileEncoding = 4; lastKnownFileType = text; path = config.lua; sourceTree = "<group>"; };
		072C361114B2333900A3EB61 /* Pow.caf */ = {isa = PBXFileReference; lastKnownFileType = file; path = Pow.caf; sourceTree = "<group>"; };
		072C361214B2333900A3EB61 /* ship-hd.png */ = {isa = PBXFileReference; lastKnownFileType = image.png; path = "ship-hd.png"; sourceTree = "<group>"; };
		072C361314B2333900A3EB61 /* ship.png */ = {isa = PBXFileReference; lastKnownFileType = image.png; path = ship.png; sourceTree = "<group>"; };
		072C361514B2333900A3EB61 /* kobold.ttf */ = {isa = PBXFileReference; lastKnownFileType = file; path = kobold.ttf; sourceTree = "<group>"; };
		072C361614B2333900A3EB61 /* kobold.txt */ = {isa = PBXFileReference; fileEncoding = 4; lastKnownFileType = text; path = kobold.txt; sourceTree = "<group>"; };
		072C361714B2333900A3EB61 /* kobold3d.ttf */ = {isa = PBXFileReference; lastKnownFileType = file; path = kobold3d.ttf; sourceTree = "<group>"; };
		072C361814B2333900A3EB61 /* kobold3di.ttf */ = {isa = PBXFileReference; lastKnownFileType = file; path = kobold3di.ttf; sourceTree = "<group>"; };
		072C361914B2333900A3EB61 /* koboldb.ttf */ = {isa = PBXFileReference; lastKnownFileType = file; path = koboldb.ttf; sourceTree = "<group>"; };
		072C361A14B2333900A3EB61 /* koboldbi.ttf */ = {isa = PBXFileReference; lastKnownFileType = file; path = koboldbi.ttf; sourceTree = "<group>"; };
		072C361B14B2333900A3EB61 /* koboldc.ttf */ = {isa = PBXFileReference; lastKnownFileType = file; path = koboldc.ttf; sourceTree = "<group>"; };
		072C361C14B2333900A3EB61 /* koboldci.ttf */ = {isa = PBXFileReference; lastKnownFileType = file; path = koboldci.ttf; sourceTree = "<group>"; };
		072C361D14B2333900A3EB61 /* koboldi.ttf */ = {isa = PBXFileReference; lastKnownFileType = file; path = koboldi.ttf; sourceTree = "<group>"; };
		072C361E14B2333900A3EB61 /* koboldleft.ttf */ = {isa = PBXFileReference; lastKnownFileType = file; path = koboldleft.ttf; sourceTree = "<group>"; };
		072C362014B2333900A3EB61 /* Default.png */ = {isa = PBXFileReference; lastKnownFileType = image.png; path = Default.png; sourceTree = "<group>"; };
		072C362114B2333900A3EB61 /* fps_images.png */ = {isa = PBXFileReference; lastKnownFileType = image.png; path = fps_images.png; sourceTree = "<group>"; };
		072C362214B2333900A3EB61 /* Icon-72.png */ = {isa = PBXFileReference; lastKnownFileType = image.png; path = "Icon-72.png"; sourceTree = "<group>"; };
		072C362314B2333900A3EB61 /* Icon-Small-50.png */ = {isa = PBXFileReference; lastKnownFileType = image.png; path = "Icon-Small-50.png"; sourceTree = "<group>"; };
		072C362414B2333900A3EB61 /* Icon-Small.png */ = {isa = PBXFileReference; lastKnownFileType = image.png; path = "Icon-Small.png"; sourceTree = "<group>"; };
		072C362514B2333900A3EB61 /* Icon-Small@2x.png */ = {isa = PBXFileReference; lastKnownFileType = image.png; path = "Icon-Small@2x.png"; sourceTree = "<group>"; };
		072C362614B2333900A3EB61 /* Icon.png */ = {isa = PBXFileReference; lastKnownFileType = image.png; path = Icon.png; sourceTree = "<group>"; };
		072C362714B2333900A3EB61 /* Icon@2x.png */ = {isa = PBXFileReference; lastKnownFileType = image.png; path = "Icon@2x.png"; sourceTree = "<group>"; };
		072C362814B2333900A3EB61 /* Info.plist */ = {isa = PBXFileReference; fileEncoding = 4; lastKnownFileType = text.plist.xml; path = Info.plist; sourceTree = "<group>"; };
		072C362914B2333900A3EB61 /* iTunesArtwork */ = {isa = PBXFileReference; lastKnownFileType = file; path = iTunesArtwork; sourceTree = "<group>"; };
		072C362D14B2333900A3EB61 /* English */ = {isa = PBXFileReference; lastKnownFileType = text.plist.strings; name = English; path = English.lproj/InfoPlist.strings; sourceTree = "<group>"; };
		072C362F14B2333900A3EB61 /* English */ = {isa = PBXFileReference; lastKnownFileType = file.xib; name = English; path = English.lproj/MainMenu.xib; sourceTree = "<group>"; };
		072C363014B2333900A3EB61 /* fps_images.png */ = {isa = PBXFileReference; lastKnownFileType = image.png; path = fps_images.png; sourceTree = "<group>"; };
		072C363114B2333900A3EB61 /* icon.icns */ = {isa = PBXFileReference; lastKnownFileType = image.icns; path = icon.icns; sourceTree = "<group>"; };
		072C363214B2333900A3EB61 /* Info.plist */ = {isa = PBXFileReference; fileEncoding = 4; lastKnownFileType = text.plist.xml; path = Info.plist; sourceTree = "<group>"; };
		DC485B0D13AA0E5600F2BC70 /* libchipmunk-mac.a */ = {isa = PBXFileReference; explicitFileType = archive.ar; path = "libchipmunk-mac.a"; sourceTree = BUILT_PRODUCTS_DIR; };
		DC485B1613AA0EBB00F2BC70 /* libbox2d-mac.a */ = {isa = PBXFileReference; explicitFileType = archive.ar; path = "libbox2d-mac.a"; sourceTree = BUILT_PRODUCTS_DIR; };
		DC485B4513AA18A600F2BC70 /* libcocosdenshion-mac.a */ = {isa = PBXFileReference; explicitFileType = archive.ar; path = "libcocosdenshion-mac.a"; sourceTree = BUILT_PRODUCTS_DIR; };
		DC65615013A969B600A7AC53 /* libbox2d-ios.a */ = {isa = PBXFileReference; explicitFileType = archive.ar; path = "libbox2d-ios.a"; sourceTree = BUILT_PRODUCTS_DIR; };
		DC65615113A969B600A7AC53 /* libchipmunk-ios.a */ = {isa = PBXFileReference; explicitFileType = archive.ar; path = "libchipmunk-ios.a"; sourceTree = BUILT_PRODUCTS_DIR; };
		DC65615213A969B600A7AC53 /* libchipmunk-spacemanager-ios.a */ = {isa = PBXFileReference; explicitFileType = archive.ar; path = "libchipmunk-spacemanager-ios.a"; sourceTree = BUILT_PRODUCTS_DIR; };
		DC65615413A969B600A7AC53 /* libcocos2d-extensions-ios.a */ = {isa = PBXFileReference; explicitFileType = archive.ar; path = "libcocos2d-extensions-ios.a"; sourceTree = BUILT_PRODUCTS_DIR; };
		DC65615513A969B600A7AC53 /* libcocos2d-ios.a */ = {isa = PBXFileReference; explicitFileType = archive.ar; path = "libcocos2d-ios.a"; sourceTree = BUILT_PRODUCTS_DIR; };
		DC65615613A969B600A7AC53 /* libcocos3d-ios.a */ = {isa = PBXFileReference; explicitFileType = archive.ar; path = "libcocos3d-ios.a"; sourceTree = BUILT_PRODUCTS_DIR; };
		DC65615713A969B600A7AC53 /* libcocosdenshion-ios.a */ = {isa = PBXFileReference; explicitFileType = archive.ar; path = "libcocosdenshion-ios.a"; sourceTree = BUILT_PRODUCTS_DIR; };
		DC65615813A969B600A7AC53 /* libkobold2d-ios.a */ = {isa = PBXFileReference; explicitFileType = archive.ar; path = "libkobold2d-ios.a"; sourceTree = BUILT_PRODUCTS_DIR; };
		DC65615913A969B600A7AC53 /* libobjectal-ios.a */ = {isa = PBXFileReference; explicitFileType = archive.ar; path = "libobjectal-ios.a"; sourceTree = BUILT_PRODUCTS_DIR; };
		DC65615A13A969B600A7AC53 /* libsneakyinput-ios.a */ = {isa = PBXFileReference; explicitFileType = archive.ar; path = "libsneakyinput-ios.a"; sourceTree = BUILT_PRODUCTS_DIR; };
		DC65615B13A969B600A7AC53 /* libwax-ios.a */ = {isa = PBXFileReference; explicitFileType = archive.ar; path = "libwax-ios.a"; sourceTree = BUILT_PRODUCTS_DIR; };
		DC979E3D13B35F8800656CB9 /* libcocos2d-extensions-mac.a */ = {isa = PBXFileReference; explicitFileType = archive.ar; path = "libcocos2d-extensions-mac.a"; sourceTree = BUILT_PRODUCTS_DIR; };
		DC979E5913B3607E00656CB9 /* libchipmunk-spacemanager-mac.a */ = {isa = PBXFileReference; explicitFileType = archive.ar; path = "libchipmunk-spacemanager-mac.a"; sourceTree = BUILT_PRODUCTS_DIR; };
		DCF95CC913A97EC500AE3B80 /* libcocos2d-mac.a */ = {isa = PBXFileReference; explicitFileType = archive.ar; path = "libcocos2d-mac.a"; sourceTree = BUILT_PRODUCTS_DIR; };
		DCF95CCB13A97EC500AE3B80 /* libkobold2d-mac.a */ = {isa = PBXFileReference; explicitFileType = archive.ar; path = "libkobold2d-mac.a"; sourceTree = BUILT_PRODUCTS_DIR; };
		DCF95CCC13A97EC500AE3B80 /* libwax-mac.a */ = {isa = PBXFileReference; explicitFileType = archive.ar; path = "libwax-mac.a"; sourceTree = BUILT_PRODUCTS_DIR; };
/* End PBXFileReference section */

/* Begin PBXFrameworksBuildPhase section */
		DCC1A0E013A94ED5005BD75D /* Frameworks */ = {
			isa = PBXFrameworksBuildPhase;
			buildActionMask = 2147483647;
			files = (
				DC65615C13A969B600A7AC53 /* libbox2d-ios.a in Frameworks */,
				DC65615D13A969B600A7AC53 /* libchipmunk-ios.a in Frameworks */,
				DC65615E13A969B600A7AC53 /* libchipmunk-spacemanager-ios.a in Frameworks */,
				DC65616013A969B600A7AC53 /* libcocos2d-extensions-ios.a in Frameworks */,
				DC65616113A969B600A7AC53 /* libcocos2d-ios.a in Frameworks */,
				DC65616213A969B600A7AC53 /* libcocos3d-ios.a in Frameworks */,
				DC65616313A969B600A7AC53 /* libcocosdenshion-ios.a in Frameworks */,
				DC65616413A969B600A7AC53 /* libkobold2d-ios.a in Frameworks */,
				DC65616513A969B600A7AC53 /* libobjectal-ios.a in Frameworks */,
				DC65616613A969B600A7AC53 /* libsneakyinput-ios.a in Frameworks */,
				DC65616713A969B600A7AC53 /* libwax-ios.a in Frameworks */,
			);
			runOnlyForDeploymentPostprocessing = 0;
		};
		DCC1A25713A94EE6005BD75D /* Frameworks */ = {
			isa = PBXFrameworksBuildPhase;
			buildActionMask = 2147483647;
			files = (
				DC979E5A13B3607E00656CB9 /* libchipmunk-spacemanager-mac.a in Frameworks */,
				DC979E3E13B35F8800656CB9 /* libcocos2d-extensions-mac.a in Frameworks */,
				DC485B4613AA18A600F2BC70 /* libcocosdenshion-mac.a in Frameworks */,
				DC485B1713AA0EBB00F2BC70 /* libbox2d-mac.a in Frameworks */,
				DC485B1113AA0E5600F2BC70 /* libchipmunk-mac.a in Frameworks */,
				DCF95CD213A97EC500AE3B80 /* libcocos2d-mac.a in Frameworks */,
				DCF95CD413A97EC500AE3B80 /* libkobold2d-mac.a in Frameworks */,
				DCF95CD513A97EC500AE3B80 /* libwax-mac.a in Frameworks */,
			);
			runOnlyForDeploymentPostprocessing = 0;
		};
/* End PBXFrameworksBuildPhase section */

/* Begin PBXGroup section */
		072C35DE14B2333900A3EB61 /* BuildSettings */ = {
			isa = PBXGroup;
			children = (
				072C35DF14B2333900A3EB61 /* BuildSettings-Debug-iOS.xcconfig */,
				072C35E014B2333900A3EB61 /* BuildSettings-Debug-Mac.xcconfig */,
				072C35E114B2333900A3EB61 /* BuildSettings-iOS.xcconfig */,
				072C35E214B2333900A3EB61 /* BuildSettings-Mac.xcconfig */,
				072C35E314B2333900A3EB61 /* BuildSettings-Release-iOS.xcconfig */,
				072C35E414B2333900A3EB61 /* BuildSettings-Release-Mac.xcconfig */,
			);
			path = BuildSettings;
			sourceTree = "<group>";
		};
		072C35E514B2333900A3EB61 /* Heqet */ = {
			isa = PBXGroup;
			children = (
				072C35E614B2333900A3EB61 /* audio */,
				072C35E914B2333900A3EB61 /* contrib */,
				072C35EE14B2333900A3EB61 /* resources */,
				072C35F114B2333900A3EB61 /* scene */,
				072C35F814B2333900A3EB61 /* sprite */,
				072C35FD14B2333900A3EB61 /* util */,
			);
			path = Heqet;
			sourceTree = "<group>";
		};
		072C35E614B2333900A3EB61 /* audio */ = {
			isa = PBXGroup;
			children = (
				072C35E714B2333900A3EB61 /* KWMusicManager.h */,
				072C35E814B2333900A3EB61 /* KWMusicManager.m */,
			);
			path = audio;
			sourceTree = "<group>";
		};
		072C35E914B2333900A3EB61 /* contrib */ = {
			isa = PBXGroup;
			children = (
				072C35EA14B2333900A3EB61 /* KWLogoLayer.h */,
				072C35EB14B2333900A3EB61 /* KWLogoLayer.m */,
				072C35EC14B2333900A3EB61 /* KWTimerLabel.h */,
				072C35ED14B2333900A3EB61 /* KWTimerLabel.m */,
			);
			path = contrib;
			sourceTree = "<group>";
		};
		072C35EE14B2333900A3EB61 /* resources */ = {
			isa = PBXGroup;
			children = (
				072C35EF14B2333900A3EB61 /* kawaz-hd.png */,
				072C35F014B2333900A3EB61 /* kawaz.png */,
			);
			path = resources;
			sourceTree = "<group>";
		};
		072C35F114B2333900A3EB61 /* scene */ = {
			isa = PBXGroup;
			children = (
				072C35F214B2333900A3EB61 /* KWLayer.h */,
				072C35F314B2333900A3EB61 /* KWLayer.m */,
				072C35F414B2333900A3EB61 /* KWState.h */,
				072C35F514B2333900A3EB61 /* KWState.m */,
				072C35F614B2333900A3EB61 /* KWStateManager.h */,
				072C35F714B2333900A3EB61 /* KWStateManager.m */,
			);
			path = scene;
			sourceTree = "<group>";
		};
		072C35F814B2333900A3EB61 /* sprite */ = {
			isa = PBXGroup;
			children = (
				072C35F914B2333900A3EB61 /* KWAnimation.h */,
				072C35FA14B2333900A3EB61 /* KWAnimation.m */,
				072C35FB14B2333900A3EB61 /* KWSprite.h */,
				072C35FC14B2333900A3EB61 /* KWSprite.m */,
			);
			path = sprite;
			sourceTree = "<group>";
		};
		072C35FD14B2333900A3EB61 /* util */ = {
			isa = PBXGroup;
			children = (
				072C35FE14B2333900A3EB61 /* KWSingleton.h */,
				072C35FF14B2333900A3EB61 /* KWSingleton.m */,
				072C360014B2333900A3EB61 /* KWTimer.h */,
				072C360114B2333900A3EB61 /* KWTimer.m */,
				072C360214B2333900A3EB61 /* KWVector.h */,
				072C360314B2333900A3EB61 /* KWVector.m */,
				072C360414B2333900A3EB61 /* NSArray+NSArrayExtension.h */,
				072C360514B2333900A3EB61 /* NSArray+NSArrayExtension.m */,
			);
			path = util;
			sourceTree = "<group>";
		};
		072C360714B2333900A3EB61 /* Projectfiles */ = {
			isa = PBXGroup;
			children = (
				072C360814B2333900A3EB61 /* AppDelegate.h */,
				072C360914B2333900A3EB61 /* AppDelegate.m */,
				072C360A14B2333900A3EB61 /* HelloWorldLayer.h */,
				072C360B14B2333900A3EB61 /* HelloWorldLayer.m */,
				072C360C14B2333900A3EB61 /* main.m */,
				072C360D14B2333900A3EB61 /* Prefix-iOS.pch */,
				072C360E14B2333900A3EB61 /* Prefix-Mac.pch */,
				072C360F14B2333900A3EB61 /* Resources */,
			);
			path = Projectfiles;
			sourceTree = "<group>";
		};
		072C360F14B2333900A3EB61 /* Resources */ = {
			isa = PBXGroup;
			children = (
				072C361014B2333900A3EB61 /* config.lua */,
				072C361114B2333900A3EB61 /* Pow.caf */,
				072C361214B2333900A3EB61 /* ship-hd.png */,
				072C361314B2333900A3EB61 /* ship.png */,
			);
			path = Resources;
			sourceTree = "<group>";
		};
		072C361414B2333900A3EB61 /* Projectfiles-iOS */ = {
			isa = PBXGroup;
			children = (
				072C361514B2333900A3EB61 /* kobold.ttf */,
				072C361614B2333900A3EB61 /* kobold.txt */,
				072C361714B2333900A3EB61 /* kobold3d.ttf */,
				072C361814B2333900A3EB61 /* kobold3di.ttf */,
				072C361914B2333900A3EB61 /* koboldb.ttf */,
				072C361A14B2333900A3EB61 /* koboldbi.ttf */,
				072C361B14B2333900A3EB61 /* koboldc.ttf */,
				072C361C14B2333900A3EB61 /* koboldci.ttf */,
				072C361D14B2333900A3EB61 /* koboldi.ttf */,
				072C361E14B2333900A3EB61 /* koboldleft.ttf */,
				072C361F14B2333900A3EB61 /* Resources */,
			);
			path = "Projectfiles-iOS";
			sourceTree = "<group>";
		};
		072C361F14B2333900A3EB61 /* Resources */ = {
			isa = PBXGroup;
			children = (
				072C362014B2333900A3EB61 /* Default.png */,
				072C362114B2333900A3EB61 /* fps_images.png */,
				072C362214B2333900A3EB61 /* Icon-72.png */,
				072C362314B2333900A3EB61 /* Icon-Small-50.png */,
				072C362414B2333900A3EB61 /* Icon-Small.png */,
				072C362514B2333900A3EB61 /* Icon-Small@2x.png */,
				072C362614B2333900A3EB61 /* Icon.png */,
				072C362714B2333900A3EB61 /* Icon@2x.png */,
				072C362814B2333900A3EB61 /* Info.plist */,
				072C362914B2333900A3EB61 /* iTunesArtwork */,
			);
			path = Resources;
			sourceTree = "<group>";
		};
		072C362A14B2333900A3EB61 /* Projectfiles-Mac */ = {
			isa = PBXGroup;
			children = (
				072C362B14B2333900A3EB61 /* Resources */,
			);
			path = "Projectfiles-Mac";
			sourceTree = "<group>";
		};
		072C362B14B2333900A3EB61 /* Resources */ = {
			isa = PBXGroup;
			children = (
				072C362C14B2333900A3EB61 /* InfoPlist.strings */,
				072C362E14B2333900A3EB61 /* MainMenu.xib */,
				072C363014B2333900A3EB61 /* fps_images.png */,
				072C363114B2333900A3EB61 /* icon.icns */,
				072C363214B2333900A3EB61 /* Info.plist */,
			);
			path = Resources;
			sourceTree = "<group>";
		};
		DCC1A0D613A94EC0005BD75D = {
			isa = PBXGroup;
			children = (
				072C35DE14B2333900A3EB61 /* BuildSettings */,
				072C35E514B2333900A3EB61 /* Heqet */,
				072C360614B2333900A3EB61 /* heqet.h */,
				072C360714B2333900A3EB61 /* Projectfiles */,
				072C361414B2333900A3EB61 /* Projectfiles-iOS */,
				072C362A14B2333900A3EB61 /* Projectfiles-Mac */,
			);
			sourceTree = "<group>";
		};
/* End PBXGroup section */

/* Begin PBXNativeTarget section */
		DCC1A0E213A94ED5005BD75D /* _Kobold2D-With-Heqet-Template_-iOS */ = {
			isa = PBXNativeTarget;
			buildConfigurationList = DCC1A25313A94ED7005BD75D /* Build configuration list for PBXNativeTarget "_Kobold2D-With-Heqet-Template_-iOS" */;
			buildPhases = (
				DCC1A0DF13A94ED5005BD75D /* Sources */,
				DCC1A0E013A94ED5005BD75D /* Frameworks */,
				DCC1A0E113A94ED5005BD75D /* Resources */,
			);
			buildRules = (
			);
			dependencies = (
			);
			name = "_Kobold2D-With-Heqet-Template_-iOS";
			productName = "Hello-World-iOS";
			productReference = 072C35DC14B2332200A3EB61 /* .app */;
			productType = "com.apple.product-type.application";
		};
		DCC1A25913A94EE6005BD75D /* _Kobold2D-With-Heqet-Template_-Mac */ = {
			isa = PBXNativeTarget;
			buildConfigurationList = DCC1A38913A94EE7005BD75D /* Build configuration list for PBXNativeTarget "_Kobold2D-With-Heqet-Template_-Mac" */;
			buildPhases = (
				DCC1A25613A94EE6005BD75D /* Sources */,
				DCC1A25713A94EE6005BD75D /* Frameworks */,
				DCC1A25813A94EE6005BD75D /* Resources */,
			);
			buildRules = (
			);
			dependencies = (
			);
			name = "_Kobold2D-With-Heqet-Template_-Mac";
			productName = "Hello-World-Mac";
			productReference = 072C35DA14B2332200A3EB61 /* .app */;
			productType = "com.apple.product-type.application";
		};
/* End PBXNativeTarget section */

/* Begin PBXProject section */
		DCC1A0D813A94EC0005BD75D /* Project object */ = {
			isa = PBXProject;
			attributes = {
				LastUpgradeCheck = 0420;
			};
			buildConfigurationList = DCC1A0DB13A94EC0005BD75D /* Build configuration list for PBXProject "_Kobold2D-With-Heqet-Template_" */;
			compatibilityVersion = "Xcode 3.2";
			developmentRegion = English;
			hasScannedForEncodings = 0;
			knownRegions = (
				en,
				English,
			);
			mainGroup = DCC1A0D613A94EC0005BD75D;
			productRefGroup = DCC1A0D613A94EC0005BD75D;
			projectDirPath = "";
			projectRoot = "";
			targets = (
				DCC1A0E213A94ED5005BD75D /* _Kobold2D-With-Heqet-Template_-iOS */,
				DCC1A25913A94EE6005BD75D /* _Kobold2D-With-Heqet-Template_-Mac */,
			);
		};
/* End PBXProject section */

/* Begin PBXResourcesBuildPhase section */
		DCC1A0E113A94ED5005BD75D /* Resources */ = {
			isa = PBXResourcesBuildPhase;
			buildActionMask = 2147483647;
			files = (
				072C363314B2333900A3EB61 /* BuildSettings-Debug-iOS.xcconfig in Resources */,
				072C363514B2333900A3EB61 /* BuildSettings-Debug-Mac.xcconfig in Resources */,
				072C363714B2333900A3EB61 /* BuildSettings-iOS.xcconfig in Resources */,
				072C363914B2333900A3EB61 /* BuildSettings-Mac.xcconfig in Resources */,
				072C363B14B2333900A3EB61 /* BuildSettings-Release-iOS.xcconfig in Resources */,
				072C363D14B2333900A3EB61 /* BuildSettings-Release-Mac.xcconfig in Resources */,
				072C364514B2333A00A3EB61 /* kawaz-hd.png in Resources */,
				072C364714B2333A00A3EB61 /* kawaz.png in Resources */,
				072C366114B2333A00A3EB61 /* config.lua in Resources */,
				072C366314B2333A00A3EB61 /* Pow.caf in Resources */,
				072C366514B2333A00A3EB61 /* ship-hd.png in Resources */,
				072C366714B2333A00A3EB61 /* ship.png in Resources */,
				072C366914B2333A00A3EB61 /* kobold.ttf in Resources */,
				072C366B14B2333A00A3EB61 /* kobold.txt in Resources */,
				072C366D14B2333A00A3EB61 /* kobold3d.ttf in Resources */,
				072C366F14B2333A00A3EB61 /* kobold3di.ttf in Resources */,
				072C367114B2333A00A3EB61 /* koboldb.ttf in Resources */,
				072C367314B2333A00A3EB61 /* koboldbi.ttf in Resources */,
				072C367514B2333A00A3EB61 /* koboldc.ttf in Resources */,
				072C367714B2333A00A3EB61 /* koboldci.ttf in Resources */,
				072C367914B2333A00A3EB61 /* koboldi.ttf in Resources */,
				072C367B14B2333A00A3EB61 /* koboldleft.ttf in Resources */,
				072C367D14B2333A00A3EB61 /* Default.png in Resources */,
				072C367F14B2333A00A3EB61 /* fps_images.png in Resources */,
				072C368114B2333A00A3EB61 /* Icon-72.png in Resources */,
				072C368314B2333A00A3EB61 /* Icon-Small-50.png in Resources */,
				072C368514B2333A00A3EB61 /* Icon-Small.png in Resources */,
				072C368714B2333A00A3EB61 /* Icon-Small@2x.png in Resources */,
				072C368914B2333A00A3EB61 /* Icon.png in Resources */,
				072C368B14B2333A00A3EB61 /* Icon@2x.png in Resources */,
				072C368D14B2333A00A3EB61 /* Info.plist in Resources */,
				072C368F14B2333A00A3EB61 /* iTunesArtwork in Resources */,
				072C369114B2333A00A3EB61 /* InfoPlist.strings in Resources */,
				072C369314B2333A00A3EB61 /* MainMenu.xib in Resources */,
				072C369514B2333A00A3EB61 /* fps_images.png in Resources */,
				072C369714B2333A00A3EB61 /* icon.icns in Resources */,
				072C369914B2333A00A3EB61 /* Info.plist in Resources */,
			);
			runOnlyForDeploymentPostprocessing = 0;
		};
		DCC1A25813A94EE6005BD75D /* Resources */ = {
			isa = PBXResourcesBuildPhase;
			buildActionMask = 2147483647;
			files = (
				072C363414B2333900A3EB61 /* BuildSettings-Debug-iOS.xcconfig in Resources */,
				072C363614B2333900A3EB61 /* BuildSettings-Debug-Mac.xcconfig in Resources */,
				072C363814B2333900A3EB61 /* BuildSettings-iOS.xcconfig in Resources */,
				072C363A14B2333900A3EB61 /* BuildSettings-Mac.xcconfig in Resources */,
				072C363C14B2333900A3EB61 /* BuildSettings-Release-iOS.xcconfig in Resources */,
				072C363E14B2333900A3EB61 /* BuildSettings-Release-Mac.xcconfig in Resources */,
				072C364614B2333A00A3EB61 /* kawaz-hd.png in Resources */,
				072C364814B2333A00A3EB61 /* kawaz.png in Resources */,
				072C366214B2333A00A3EB61 /* config.lua in Resources */,
				072C366414B2333A00A3EB61 /* Pow.caf in Resources */,
				072C366614B2333A00A3EB61 /* ship-hd.png in Resources */,
				072C366814B2333A00A3EB61 /* ship.png in Resources */,
				072C366A14B2333A00A3EB61 /* kobold.ttf in Resources */,
				072C366C14B2333A00A3EB61 /* kobold.txt in Resources */,
				072C366E14B2333A00A3EB61 /* kobold3d.ttf in Resources */,
				072C367014B2333A00A3EB61 /* kobold3di.ttf in Resources */,
				072C367214B2333A00A3EB61 /* koboldb.ttf in Resources */,
				072C367414B2333A00A3EB61 /* koboldbi.ttf in Resources */,
				072C367614B2333A00A3EB61 /* koboldc.ttf in Resources */,
				072C367814B2333A00A3EB61 /* koboldci.ttf in Resources */,
				072C367A14B2333A00A3EB61 /* koboldi.ttf in Resources */,
				072C367C14B2333A00A3EB61 /* koboldleft.ttf in Resources */,
				072C367E14B2333A00A3EB61 /* Default.png in Resources */,
				072C368014B2333A00A3EB61 /* fps_images.png in Resources */,
				072C368214B2333A00A3EB61 /* Icon-72.png in Resources */,
				072C368414B2333A00A3EB61 /* Icon-Small-50.png in Resources */,
				072C368614B2333A00A3EB61 /* Icon-Small.png in Resources */,
				072C368814B2333A00A3EB61 /* Icon-Small@2x.png in Resources */,
				072C368A14B2333A00A3EB61 /* Icon.png in Resources */,
				072C368C14B2333A00A3EB61 /* Icon@2x.png in Resources */,
				072C368E14B2333A00A3EB61 /* Info.plist in Resources */,
				072C369014B2333A00A3EB61 /* iTunesArtwork in Resources */,
				072C369214B2333A00A3EB61 /* InfoPlist.strings in Resources */,
				072C369414B2333A00A3EB61 /* MainMenu.xib in Resources */,
				072C369614B2333A00A3EB61 /* fps_images.png in Resources */,
				072C369814B2333A00A3EB61 /* icon.icns in Resources */,
				072C369A14B2333A00A3EB61 /* Info.plist in Resources */,
			);
			runOnlyForDeploymentPostprocessing = 0;
		};
/* End PBXResourcesBuildPhase section */

/* Begin PBXSourcesBuildPhase section */
		DCC1A0DF13A94ED5005BD75D /* Sources */ = {
			isa = PBXSourcesBuildPhase;
			buildActionMask = 2147483647;
			files = (
				072C363F14B2333A00A3EB61 /* KWMusicManager.m in Sources */,
				072C364114B2333A00A3EB61 /* KWLogoLayer.m in Sources */,
				072C364314B2333A00A3EB61 /* KWTimerLabel.m in Sources */,
				072C364914B2333A00A3EB61 /* KWLayer.m in Sources */,
				072C364B14B2333A00A3EB61 /* KWState.m in Sources */,
				072C364D14B2333A00A3EB61 /* KWStateManager.m in Sources */,
				072C364F14B2333A00A3EB61 /* KWAnimation.m in Sources */,
				072C365114B2333A00A3EB61 /* KWSprite.m in Sources */,
				072C365314B2333A00A3EB61 /* KWSingleton.m in Sources */,
				072C365514B2333A00A3EB61 /* KWTimer.m in Sources */,
				072C365714B2333A00A3EB61 /* KWVector.m in Sources */,
				072C365914B2333A00A3EB61 /* NSArray+NSArrayExtension.m in Sources */,
				072C365B14B2333A00A3EB61 /* AppDelegate.m in Sources */,
				072C365D14B2333A00A3EB61 /* HelloWorldLayer.m in Sources */,
				072C365F14B2333A00A3EB61 /* main.m in Sources */,
			);
			runOnlyForDeploymentPostprocessing = 0;
		};
		DCC1A25613A94EE6005BD75D /* Sources */ = {
			isa = PBXSourcesBuildPhase;
			buildActionMask = 2147483647;
			files = (
				072C364014B2333A00A3EB61 /* KWMusicManager.m in Sources */,
				072C364214B2333A00A3EB61 /* KWLogoLayer.m in Sources */,
				072C364414B2333A00A3EB61 /* KWTimerLabel.m in Sources */,
				072C364A14B2333A00A3EB61 /* KWLayer.m in Sources */,
				072C364C14B2333A00A3EB61 /* KWState.m in Sources */,
				072C364E14B2333A00A3EB61 /* KWStateManager.m in Sources */,
				072C365014B2333A00A3EB61 /* KWAnimation.m in Sources */,
				072C365214B2333A00A3EB61 /* KWSprite.m in Sources */,
				072C365414B2333A00A3EB61 /* KWSingleton.m in Sources */,
				072C365614B2333A00A3EB61 /* KWTimer.m in Sources */,
				072C365814B2333A00A3EB61 /* KWVector.m in Sources */,
				072C365A14B2333A00A3EB61 /* NSArray+NSArrayExtension.m in Sources */,
				072C365C14B2333A00A3EB61 /* AppDelegate.m in Sources */,
				072C365E14B2333A00A3EB61 /* HelloWorldLayer.m in Sources */,
				072C366014B2333A00A3EB61 /* main.m in Sources */,
			);
			runOnlyForDeploymentPostprocessing = 0;
		};
/* End PBXSourcesBuildPhase section */

/* Begin PBXVariantGroup section */
		072C362C14B2333900A3EB61 /* InfoPlist.strings */ = {
			isa = PBXVariantGroup;
			children = (
				072C362D14B2333900A3EB61 /* English */,
			);
			name = InfoPlist.strings;
			sourceTree = "<group>";
		};
		072C362E14B2333900A3EB61 /* MainMenu.xib */ = {
			isa = PBXVariantGroup;
			children = (
				072C362F14B2333900A3EB61 /* English */,
			);
			name = MainMenu.xib;
			sourceTree = "<group>";
		};
/* End PBXVariantGroup section */

/* Begin XCBuildConfiguration section */
		DCC1A0DD13A94EC0005BD75D /* Debug */ = {
			isa = XCBuildConfiguration;
			buildSettings = {
			};
			name = Debug;
		};
		DCC1A0DE13A94EC0005BD75D /* Release */ = {
			isa = XCBuildConfiguration;
			buildSettings = {
			};
			name = Release;
		};
		DCC1A25413A94ED7005BD75D /* Debug */ = {
			isa = XCBuildConfiguration;
			buildSettings = {
				LIBRARY_SEARCH_PATHS = (
					"$(inherited)",
					"\"$(SRCROOT)/../__Kobold2D__/libs/GoogleAdMobAdsSDK\"",
				);
			};
			name = Debug;
		};
		DCC1A25513A94ED7005BD75D /* Release */ = {
			isa = XCBuildConfiguration;
			buildSettings = {
				LIBRARY_SEARCH_PATHS = (
					"$(inherited)",
					"\"$(SRCROOT)/../__Kobold2D__/libs/GoogleAdMobAdsSDK\"",
				);
			};
			name = Release;
		};
		DCC1A38A13A94EE7005BD75D /* Debug */ = {
			isa = XCBuildConfiguration;
			buildSettings = {
			};
			name = Debug;
		};
		DCC1A38B13A94EE7005BD75D /* Release */ = {
			isa = XCBuildConfiguration;
			buildSettings = {
			};
			name = Release;
		};
/* End XCBuildConfiguration section */

/* Begin XCConfigurationList section */
		DCC1A0DB13A94EC0005BD75D /* Build configuration list for PBXProject "_Kobold2D-With-Heqet-Template_" */ = {
			isa = XCConfigurationList;
			buildConfigurations = (
				DCC1A0DD13A94EC0005BD75D /* Debug */,
				DCC1A0DE13A94EC0005BD75D /* Release */,
			);
			defaultConfigurationIsVisible = 0;
			defaultConfigurationName = Release;
		};
		DCC1A25313A94ED7005BD75D /* Build configuration list for PBXNativeTarget "_Kobold2D-With-Heqet-Template_-iOS" */ = {
			isa = XCConfigurationList;
			buildConfigurations = (
				DCC1A25413A94ED7005BD75D /* Debug */,
				DCC1A25513A94ED7005BD75D /* Release */,
			);
			defaultConfigurationIsVisible = 0;
			defaultConfigurationName = Release;
		};
		DCC1A38913A94EE7005BD75D /* Build configuration list for PBXNativeTarget "_Kobold2D-With-Heqet-Template_-Mac" */ = {
			isa = XCConfigurationList;
			buildConfigurations = (
				DCC1A38A13A94EE7005BD75D /* Debug */,
				DCC1A38B13A94EE7005BD75D /* Release */,
			);
			defaultConfigurationIsVisible = 0;
			defaultConfigurationName = Release;
		};
/* End XCConfigurationList section */
	};
	rootObject = DCC1A0D813A94EC0005BD75D /* Project object */;
}
